
Microsoft Visual Studio Solution File, Format Version 12.00
# Visual Studio Version 17
VisualStudioVersion = 17.0.31903.59
MinimumVisualStudioVersion = 10.0.40219.1
Project("{2150E333-8FDC-42A3-9474-1A3956D46DE8}") = "tests", "tests", "{0AB3BF05-4346-4AA6-1389-037BE0695223}"
EndProject
Project("{FAE04EC0-301F-11D3-BF4B-00C04F79EFBC}") = "OpenLineOps.Domain.Abstractions.Tests", "tests\OpenLineOps.Domain.Abstractions.Tests\OpenLineOps.Domain.Abstractions.Tests.csproj", "{0D2B9240-5900-42BD-919F-3118395EBE33}"
EndProject
Project("{2150E333-8FDC-42A3-9474-1A3956D46DE8}") = "shared", "shared", "{4F52FD11-658E-A102-6CD3-7D7C16FFA15B}"
EndProject
Project("{FAE04EC0-301F-11D3-BF4B-00C04F79EFBC}") = "OpenLineOps.Domain.Abstractions", "shared\OpenLineOps.Domain.Abstractions\OpenLineOps.Domain.Abstractions.csproj", "{6F63A108-D5DE-43B7-A35A-A7208C05FFB1}"
EndProject
Project("{FAE04EC0-301F-11D3-BF4B-00C04F79EFBC}") = "OpenLineOps.Api.Tests", "tests\OpenLineOps.Api.Tests\OpenLineOps.Api.Tests.csproj", "{2EFDE85A-2AC8-482A-B418-6326841D8E74}"
EndProject
Project("{2150E333-8FDC-42A3-9474-1A3956D46DE8}") = "src", "src", "{827E0CD3-B72D-47B6-A68D-7590B98EB39B}"
EndProject
Project("{FAE04EC0-301F-11D3-BF4B-00C04F79EFBC}") = "OpenLineOps.Api", "src\OpenLineOps.Api\OpenLineOps.Api.csproj", "{D72570C9-C41A-4DF3-8E08-D9660F904660}"
EndProject
Project("{FAE04EC0-301F-11D3-BF4B-00C04F79EFBC}") = "OpenLineOps.Application.Abstractions", "shared\OpenLineOps.Application.Abstractions\OpenLineOps.Application.Abstractions.csproj", "{EDAE66F2-DC5F-4B56-8AEB-2CDC53172814}"
EndProject
Project("{FAE04EC0-301F-11D3-BF4B-00C04F79EFBC}") = "OpenLineOps.Runtime.Contracts", "shared\OpenLineOps.Runtime.Contracts\OpenLineOps.Runtime.Contracts.csproj", "{2BE110F4-F87F-4514-954D-6E1619850C2E}"
EndProject
Project("{FAE04EC0-301F-11D3-BF4B-00C04F79EFBC}") = "OpenLineOps.StateMachine.Core", "shared\OpenLineOps.StateMachine.Core\OpenLineOps.StateMachine.Core.csproj", "{F563E7EA-7032-4528-B6B2-46FF50ABF9F1}"
EndProject
Project("{FAE04EC0-301F-11D3-BF4B-00C04F79EFBC}") = "OpenLineOps.Plugin.Abstractions", "shared\OpenLineOps.Plugin.Abstractions\OpenLineOps.Plugin.Abstractions.csproj", "{3AD5AFFF-D9E6-413F-AE5E-DD75767EE130}"
EndProject
Project("{2150E333-8FDC-42A3-9474-1A3956D46DE8}") = "modules", "modules", "{CA253913-39DE-BFD0-C9A3-4B7EC6FBDF17}"
EndProject
Project("{FAE04EC0-301F-11D3-BF4B-00C04F79EFBC}") = "OpenLineOps.Runtime.Domain", "modules\OpenLineOps.Runtime.Domain\OpenLineOps.Runtime.Domain.csproj", "{5D7F828D-E129-42C7-9094-854C9C270BF7}"
EndProject
Project("{FAE04EC0-301F-11D3-BF4B-00C04F79EFBC}") = "OpenLineOps.Runtime.Tests", "tests\OpenLineOps.Runtime.Tests\OpenLineOps.Runtime.Tests.csproj", "{FC44B32D-BE72-476C-A8D0-08939B723201}"
EndProject
Project("{FAE04EC0-301F-11D3-BF4B-00C04F79EFBC}") = "OpenLineOps.Runtime.Application", "modules\OpenLineOps.Runtime.Application\OpenLineOps.Runtime.Application.csproj", "{B21D437A-A95F-4580-A04B-1BCD51820362}"
EndProject
Project("{FAE04EC0-301F-11D3-BF4B-00C04F79EFBC}") = "OpenLineOps.Runtime.Infrastructure", "modules\OpenLineOps.Runtime.Infrastructure\OpenLineOps.Runtime.Infrastructure.csproj", "{C680DC26-0A19-4308-8B24-A13B0ACEF225}"
EndProject
Project("{FAE04EC0-301F-11D3-BF4B-00C04F79EFBC}") = "OpenLineOps.Runtime.Api", "modules\OpenLineOps.Runtime.Api\OpenLineOps.Runtime.Api.csproj", "{248D0440-12A5-44F1-8664-819F16C12232}"
EndProject
Project("{FAE04EC0-301F-11D3-BF4B-00C04F79EFBC}") = "OpenLineOps.Processes.Domain", "modules\OpenLineOps.Processes.Domain\OpenLineOps.Processes.Domain.csproj", "{9AD3AA09-C201-4281-B280-E1821765A5DB}"
EndProject
Project("{FAE04EC0-301F-11D3-BF4B-00C04F79EFBC}") = "OpenLineOps.Processes.Tests", "tests\OpenLineOps.Processes.Tests\OpenLineOps.Processes.Tests.csproj", "{63ABD148-C81D-452E-A0FD-7E630880880E}"
EndProject
Project("{FAE04EC0-301F-11D3-BF4B-00C04F79EFBC}") = "OpenLineOps.Processes.Application", "modules\OpenLineOps.Processes.Application\OpenLineOps.Processes.Application.csproj", "{2F045906-78F2-469B-94C6-B53275BB4CF4}"
EndProject
Project("{FAE04EC0-301F-11D3-BF4B-00C04F79EFBC}") = "OpenLineOps.Processes.Infrastructure", "modules\OpenLineOps.Processes.Infrastructure\OpenLineOps.Processes.Infrastructure.csproj", "{E3A79C1D-F9C2-431A-9451-20FD3B2E18DE}"
EndProject
Project("{FAE04EC0-301F-11D3-BF4B-00C04F79EFBC}") = "OpenLineOps.Processes.Api", "modules\OpenLineOps.Processes.Api\OpenLineOps.Processes.Api.csproj", "{A86C9792-FE46-42B5-9D0A-D5B4EB95D975}"
EndProject
Project("{FAE04EC0-301F-11D3-BF4B-00C04F79EFBC}") = "OpenLineOps.Api.Abstractions", "shared\OpenLineOps.Api.Abstractions\OpenLineOps.Api.Abstractions.csproj", "{4DFEAF0F-9848-4B4B-8553-73251A2402EB}"
EndProject
Project("{FAE04EC0-301F-11D3-BF4B-00C04F79EFBC}") = "OpenLineOps.Engineering.Domain", "modules\OpenLineOps.Engineering.Domain\OpenLineOps.Engineering.Domain.csproj", "{5591D6E3-4DB3-44D7-B12B-864AA42DFE07}"
EndProject
Project("{FAE04EC0-301F-11D3-BF4B-00C04F79EFBC}") = "OpenLineOps.Engineering.Tests", "tests\OpenLineOps.Engineering.Tests\OpenLineOps.Engineering.Tests.csproj", "{F35F3FF9-BCEF-42D7-817E-F8E444F5A774}"
EndProject
Project("{FAE04EC0-301F-11D3-BF4B-00C04F79EFBC}") = "OpenLineOps.Engineering.Application", "modules\OpenLineOps.Engineering.Application\OpenLineOps.Engineering.Application.csproj", "{BA88A1DD-52C3-4E64-A0DA-15B954A2DA92}"
EndProject
Project("{FAE04EC0-301F-11D3-BF4B-00C04F79EFBC}") = "OpenLineOps.Engineering.Infrastructure", "modules\OpenLineOps.Engineering.Infrastructure\OpenLineOps.Engineering.Infrastructure.csproj", "{76219954-2209-4A41-AB97-288C5D3F0541}"
EndProject
Project("{FAE04EC0-301F-11D3-BF4B-00C04F79EFBC}") = "OpenLineOps.Engineering.Api", "modules\OpenLineOps.Engineering.Api\OpenLineOps.Engineering.Api.csproj", "{19FA9E53-E33A-4DE6-9F84-B09BA21711E8}"
EndProject
Project("{FAE04EC0-301F-11D3-BF4B-00C04F79EFBC}") = "OpenLineOps.Devices.Domain", "modules\OpenLineOps.Devices.Domain\OpenLineOps.Devices.Domain.csproj", "{C191D659-8253-483E-8F19-57EB2A612FAB}"
EndProject
Project("{FAE04EC0-301F-11D3-BF4B-00C04F79EFBC}") = "OpenLineOps.Devices.Application", "modules\OpenLineOps.Devices.Application\OpenLineOps.Devices.Application.csproj", "{3836A072-F4CC-4DD0-B0B6-0EB8F068E088}"
EndProject
Project("{FAE04EC0-301F-11D3-BF4B-00C04F79EFBC}") = "OpenLineOps.Devices.Infrastructure", "modules\OpenLineOps.Devices.Infrastructure\OpenLineOps.Devices.Infrastructure.csproj", "{351D3E2A-1FD6-4101-877B-3B8710363350}"
EndProject
Project("{FAE04EC0-301F-11D3-BF4B-00C04F79EFBC}") = "OpenLineOps.Devices.Tests", "tests\OpenLineOps.Devices.Tests\OpenLineOps.Devices.Tests.csproj", "{F1AD827A-E04C-4A0A-ACAF-B26A781C84A7}"
EndProject
Project("{FAE04EC0-301F-11D3-BF4B-00C04F79EFBC}") = "OpenLineOps.Devices.Api", "modules\OpenLineOps.Devices.Api\OpenLineOps.Devices.Api.csproj", "{689CFA21-A3B9-417B-BE86-058242EE701B}"
EndProject
Project("{FAE04EC0-301F-11D3-BF4B-00C04F79EFBC}") = "OpenLineOps.Plugins.Application", "modules\OpenLineOps.Plugins.Application\OpenLineOps.Plugins.Application.csproj", "{F30899EE-B186-4988-9EE1-51FAB8E5E9DE}"
EndProject
Project("{FAE04EC0-301F-11D3-BF4B-00C04F79EFBC}") = "OpenLineOps.Plugins.Infrastructure", "modules\OpenLineOps.Plugins.Infrastructure\OpenLineOps.Plugins.Infrastructure.csproj", "{BF545D8E-436E-4D16-9917-E5C551E21B82}"
EndProject
Project("{FAE04EC0-301F-11D3-BF4B-00C04F79EFBC}") = "OpenLineOps.Plugins.Tests", "tests\OpenLineOps.Plugins.Tests\OpenLineOps.Plugins.Tests.csproj", "{2539D3E4-8157-4FDC-8309-8171F61FEF76}"
EndProject
Project("{FAE04EC0-301F-11D3-BF4B-00C04F79EFBC}") = "OpenLineOps.PluginHost", "src\OpenLineOps.PluginHost\OpenLineOps.PluginHost.csproj", "{5E5F52DA-06CE-4BE9-87B1-48D43D0F7006}"
EndProject
Project("{FAE04EC0-301F-11D3-BF4B-00C04F79EFBC}") = "OpenLineOps.Traceability.Domain", "modules\OpenLineOps.Traceability.Domain\OpenLineOps.Traceability.Domain.csproj", "{BCC2EAEA-4CB5-4BDF-9DE7-EE5E91FE45A1}"
EndProject
Project("{FAE04EC0-301F-11D3-BF4B-00C04F79EFBC}") = "OpenLineOps.Traceability.Application", "modules\OpenLineOps.Traceability.Application\OpenLineOps.Traceability.Application.csproj", "{C3C46489-B594-418F-88E6-A388D228EBC5}"
EndProject
Project("{FAE04EC0-301F-11D3-BF4B-00C04F79EFBC}") = "OpenLineOps.Traceability.Infrastructure", "modules\OpenLineOps.Traceability.Infrastructure\OpenLineOps.Traceability.Infrastructure.csproj", "{2070B847-FFA1-4955-87D9-3B6E90F8F6E1}"
EndProject
Project("{FAE04EC0-301F-11D3-BF4B-00C04F79EFBC}") = "OpenLineOps.Traceability.Tests", "tests\OpenLineOps.Traceability.Tests\OpenLineOps.Traceability.Tests.csproj", "{FAAEFD16-1D3E-4A90-82F1-7A9C657E3DE2}"
EndProject
Project("{FAE04EC0-301F-11D3-BF4B-00C04F79EFBC}") = "OpenLineOps.Traceability.Api", "modules\OpenLineOps.Traceability.Api\OpenLineOps.Traceability.Api.csproj", "{E438FDA4-1EC1-4445-AE7A-21A467926321}"
EndProject
Project("{2150E333-8FDC-42A3-9474-1A3956D46DE8}") = "samples", "samples", "{5D20AA90-6969-D8BD-9DCD-8634F4692FDA}"
EndProject
Project("{2150E333-8FDC-42A3-9474-1A3956D46DE8}") = "plugins", "plugins", "{6369E6CD-2A9A-7694-BDE4-74E752A16237}"
EndProject
Project("{FAE04EC0-301F-11D3-BF4B-00C04F79EFBC}") = "OpenLineOps.SamplePlugins.LoopbackDevice", "samples\plugins\OpenLineOps.SamplePlugins.LoopbackDevice\OpenLineOps.SamplePlugins.LoopbackDevice.csproj", "{B5271185-13FB-45FD-B88C-1B22F8395702}"
EndProject
Project("{FAE04EC0-301F-11D3-BF4B-00C04F79EFBC}") = "OpenLineOps.ScriptWorker", "src\OpenLineOps.ScriptWorker\OpenLineOps.ScriptWorker.csproj", "{1AE7B25E-524F-4917-B9EB-ABC42E843AEB}"
EndProject
Project("{FAE04EC0-301F-11D3-BF4B-00C04F79EFBC}") = "OpenLineOps.Plugins.Api", "modules\OpenLineOps.Plugins.Api\OpenLineOps.Plugins.Api.csproj", "{25D8A920-E4EA-47AA-BBB3-C65263FE00BB}"
EndProject
Project("{FAE04EC0-301F-11D3-BF4B-00C04F79EFBC}") = "OpenLineOps.Infrastructure.Data.Core.Tests", "tests\OpenLineOps.Infrastructure.Data.Core.Tests\OpenLineOps.Infrastructure.Data.Core.Tests.csproj", "{66F0A22C-B03E-4810-BB91-2057C6A0DBED}"
EndProject
Project("{FAE04EC0-301F-11D3-BF4B-00C04F79EFBC}") = "OpenLineOps.Infrastructure.Data.Core", "shared\OpenLineOps.Infrastructure.Data.Core\OpenLineOps.Infrastructure.Data.Core.csproj", "{B5D5FBC3-7035-40C5-9B5D-EB7F0B3600F4}"
EndProject
Project("{2150E333-8FDC-42A3-9474-1A3956D46DE8}") = "bounded-contexts", "bounded-contexts", "{6F92997E-9639-68BD-D436-140BDF803C0E}"
EndProject
Project("{FAE04EC0-301F-11D3-BF4B-00C04F79EFBC}") = "OpenLineOps.SampleInspection.Domain", "samples\bounded-contexts\OpenLineOps.SampleInspection.Domain\OpenLineOps.SampleInspection.Domain.csproj", "{2EFC932F-8336-40C0-BEA6-23D78D95F817}"
EndProject
Project("{FAE04EC0-301F-11D3-BF4B-00C04F79EFBC}") = "OpenLineOps.SampleInspection.Application", "samples\bounded-contexts\OpenLineOps.SampleInspection.Application\OpenLineOps.SampleInspection.Application.csproj", "{FD2696CE-4A43-4796-8F8F-B06402F71A1B}"
EndProject
Project("{FAE04EC0-301F-11D3-BF4B-00C04F79EFBC}") = "OpenLineOps.SampleInspection.Infrastructure", "samples\bounded-contexts\OpenLineOps.SampleInspection.Infrastructure\OpenLineOps.SampleInspection.Infrastructure.csproj", "{6479CDE4-35EF-40AC-82BD-FE332DCFD407}"
EndProject
Project("{FAE04EC0-301F-11D3-BF4B-00C04F79EFBC}") = "OpenLineOps.SampleInspection.Tests", "tests\OpenLineOps.SampleInspection.Tests\OpenLineOps.SampleInspection.Tests.csproj", "{0DFEF5D7-C652-4186-BC7A-27D185A5CF56}"
EndProject
Project("{2150E333-8FDC-42A3-9474-1A3956D46DE8}") = "tools", "tools", "{07C2787E-EAC7-C090-1BA3-A61EC2A24D84}"
EndProject
Project("{FAE04EC0-301F-11D3-BF4B-00C04F79EFBC}") = "OpenLineOps.BoundedContext.Scaffolder", "tools\OpenLineOps.BoundedContext.Scaffolder\OpenLineOps.BoundedContext.Scaffolder.csproj", "{7A5C8CDA-2CF8-46E1-88F6-563C25BC6E24}"
EndProject
Project("{FAE04EC0-301F-11D3-BF4B-00C04F79EFBC}") = "OpenLineOps.BoundedContext.Scaffolder.Tests", "tests\OpenLineOps.BoundedContext.Scaffolder.Tests\OpenLineOps.BoundedContext.Scaffolder.Tests.csproj", "{D1E7DA47-C031-4E58-A154-C0FC908EC846}"
EndProject
Project("{FAE04EC0-301F-11D3-BF4B-00C04F79EFBC}") = "OpenLineOps.Operations.Domain.Shared", "modules\OpenLineOps.Operations.Domain.Shared\OpenLineOps.Operations.Domain.Shared.csproj", "{CF32752B-CCFE-42F2-8F27-CB0A545BB527}"
EndProject
Project("{FAE04EC0-301F-11D3-BF4B-00C04F79EFBC}") = "OpenLineOps.Operations.Domain", "modules\OpenLineOps.Operations.Domain\OpenLineOps.Operations.Domain.csproj", "{D75D7421-882A-4A21-869E-A5360781C572}"
EndProject
Project("{FAE04EC0-301F-11D3-BF4B-00C04F79EFBC}") = "OpenLineOps.Operations.Application.Contract", "modules\OpenLineOps.Operations.Application.Contract\OpenLineOps.Operations.Application.Contract.csproj", "{E789B8B0-1F98-411E-9E0D-DB2CD667AA3C}"
EndProject
Project("{FAE04EC0-301F-11D3-BF4B-00C04F79EFBC}") = "OpenLineOps.Operations.Application", "modules\OpenLineOps.Operations.Application\OpenLineOps.Operations.Application.csproj", "{8E9C198A-5134-4F2E-943E-7E772DE820EB}"
EndProject
Project("{FAE04EC0-301F-11D3-BF4B-00C04F79EFBC}") = "OpenLineOps.Operations.Infra.Data", "modules\OpenLineOps.Operations.Infra.Data\OpenLineOps.Operations.Infra.Data.csproj", "{095180EB-B11F-412C-9A8B-91922D05D212}"
EndProject
Project("{FAE04EC0-301F-11D3-BF4B-00C04F79EFBC}") = "OpenLineOps.Operations.Infra.CrossCutting.IoC", "modules\OpenLineOps.Operations.Infra.CrossCutting.IoC\OpenLineOps.Operations.Infra.CrossCutting.IoC.csproj", "{969A83EA-1C76-4C0B-8815-DE083CF75A9F}"
EndProject
Project("{FAE04EC0-301F-11D3-BF4B-00C04F79EFBC}") = "OpenLineOps.Operations.Api", "modules\OpenLineOps.Operations.Api\OpenLineOps.Operations.Api.csproj", "{BC00D5A3-C43B-4545-B100-8C51C38E9663}"
EndProject
Project("{FAE04EC0-301F-11D3-BF4B-00C04F79EFBC}") = "OpenLineOps.Operations.Tests", "tests\OpenLineOps.Operations.Tests\OpenLineOps.Operations.Tests.csproj", "{16E368DB-1C20-4C21-AD5D-433A419EFBA9}"
EndProject
Project("{FAE04EC0-301F-11D3-BF4B-00C04F79EFBC}") = "OpenLineOps.EventBus", "shared\OpenLineOps.EventBus\OpenLineOps.EventBus.csproj", "{5A5A1853-ED44-46AD-98B3-5E1C8849820A}"
EndProject
Project("{FAE04EC0-301F-11D3-BF4B-00C04F79EFBC}") = "OpenLineOps.EventBus.Tests", "tests\OpenLineOps.EventBus.Tests\OpenLineOps.EventBus.Tests.csproj", "{3BF50837-5E5F-4223-B975-D8AA3EA5C72E}"
EndProject
Project("{FAE04EC0-301F-11D3-BF4B-00C04F79EFBC}") = "OpenLineOps.ReleaseManifest", "tools\OpenLineOps.ReleaseManifest\OpenLineOps.ReleaseManifest.csproj", "{8F819F0C-58C7-422A-A94D-40A0B74E778A}"
EndProject
Project("{FAE04EC0-301F-11D3-BF4B-00C04F79EFBC}") = "OpenLineOps.ReleaseManifest.Tests", "tests\OpenLineOps.ReleaseManifest.Tests\OpenLineOps.ReleaseManifest.Tests.csproj", "{DC6A3278-B4D8-49FB-8426-2EEA806F3B68}"
EndProject
Global
	GlobalSection(SolutionConfigurationPlatforms) = preSolution
		Debug|Any CPU = Debug|Any CPU
		Debug|x64 = Debug|x64
		Debug|x86 = Debug|x86
		Release|Any CPU = Release|Any CPU
		Release|x64 = Release|x64
		Release|x86 = Release|x86
	EndGlobalSection
	GlobalSection(ProjectConfigurationPlatforms) = postSolution
		{0D2B9240-5900-42BD-919F-3118395EBE33}.Debug|Any CPU.ActiveCfg = Debug|Any CPU
		{0D2B9240-5900-42BD-919F-3118395EBE33}.Debug|Any CPU.Build.0 = Debug|Any CPU
		{0D2B9240-5900-42BD-919F-3118395EBE33}.Debug|x64.ActiveCfg = Debug|Any CPU
		{0D2B9240-5900-42BD-919F-3118395EBE33}.Debug|x64.Build.0 = Debug|Any CPU
		{0D2B9240-5900-42BD-919F-3118395EBE33}.Debug|x86.ActiveCfg = Debug|Any CPU
		{0D2B9240-5900-42BD-919F-3118395EBE33}.Debug|x86.Build.0 = Debug|Any CPU
		{0D2B9240-5900-42BD-919F-3118395EBE33}.Release|Any CPU.ActiveCfg = Release|Any CPU
		{0D2B9240-5900-42BD-919F-3118395EBE33}.Release|Any CPU.Build.0 = Release|Any CPU
		{0D2B9240-5900-42BD-919F-3118395EBE33}.Release|x64.ActiveCfg = Release|Any CPU
		{0D2B9240-5900-42BD-919F-3118395EBE33}.Release|x64.Build.0 = Release|Any CPU
		{0D2B9240-5900-42BD-919F-3118395EBE33}.Release|x86.ActiveCfg = Release|Any CPU
		{0D2B9240-5900-42BD-919F-3118395EBE33}.Release|x86.Build.0 = Release|Any CPU
		{6F63A108-D5DE-43B7-A35A-A7208C05FFB1}.Debug|Any CPU.ActiveCfg = Debug|Any CPU
		{6F63A108-D5DE-43B7-A35A-A7208C05FFB1}.Debug|Any CPU.Build.0 = Debug|Any CPU
		{6F63A108-D5DE-43B7-A35A-A7208C05FFB1}.Debug|x64.ActiveCfg = Debug|Any CPU
		{6F63A108-D5DE-43B7-A35A-A7208C05FFB1}.Debug|x64.Build.0 = Debug|Any CPU
		{6F63A108-D5DE-43B7-A35A-A7208C05FFB1}.Debug|x86.ActiveCfg = Debug|Any CPU
		{6F63A108-D5DE-43B7-A35A-A7208C05FFB1}.Debug|x86.Build.0 = Debug|Any CPU
		{6F63A108-D5DE-43B7-A35A-A7208C05FFB1}.Release|Any CPU.ActiveCfg = Release|Any CPU
		{6F63A108-D5DE-43B7-A35A-A7208C05FFB1}.Release|Any CPU.Build.0 = Release|Any CPU
		{6F63A108-D5DE-43B7-A35A-A7208C05FFB1}.Release|x64.ActiveCfg = Release|Any CPU
		{6F63A108-D5DE-43B7-A35A-A7208C05FFB1}.Release|x64.Build.0 = Release|Any CPU
		{6F63A108-D5DE-43B7-A35A-A7208C05FFB1}.Release|x86.ActiveCfg = Release|Any CPU
		{6F63A108-D5DE-43B7-A35A-A7208C05FFB1}.Release|x86.Build.0 = Release|Any CPU
		{2EFDE85A-2AC8-482A-B418-6326841D8E74}.Debug|Any CPU.ActiveCfg = Debug|Any CPU
		{2EFDE85A-2AC8-482A-B418-6326841D8E74}.Debug|Any CPU.Build.0 = Debug|Any CPU
		{2EFDE85A-2AC8-482A-B418-6326841D8E74}.Debug|x64.ActiveCfg = Debug|Any CPU
		{2EFDE85A-2AC8-482A-B418-6326841D8E74}.Debug|x64.Build.0 = Debug|Any CPU
		{2EFDE85A-2AC8-482A-B418-6326841D8E74}.Debug|x86.ActiveCfg = Debug|Any CPU
		{2EFDE85A-2AC8-482A-B418-6326841D8E74}.Debug|x86.Build.0 = Debug|Any CPU
		{2EFDE85A-2AC8-482A-B418-6326841D8E74}.Release|Any CPU.ActiveCfg = Release|Any CPU
		{2EFDE85A-2AC8-482A-B418-6326841D8E74}.Release|Any CPU.Build.0 = Release|Any CPU
		{2EFDE85A-2AC8-482A-B418-6326841D8E74}.Release|x64.ActiveCfg = Release|Any CPU
		{2EFDE85A-2AC8-482A-B418-6326841D8E74}.Release|x64.Build.0 = Release|Any CPU
		{2EFDE85A-2AC8-482A-B418-6326841D8E74}.Release|x86.ActiveCfg = Release|Any CPU
		{2EFDE85A-2AC8-482A-B418-6326841D8E74}.Release|x86.Build.0 = Release|Any CPU
		{D72570C9-C41A-4DF3-8E08-D9660F904660}.Debug|Any CPU.ActiveCfg = Debug|Any CPU
		{D72570C9-C41A-4DF3-8E08-D9660F904660}.Debug|Any CPU.Build.0 = Debug|Any CPU
		{D72570C9-C41A-4DF3-8E08-D9660F904660}.Debug|x64.ActiveCfg = Debug|Any CPU
		{D72570C9-C41A-4DF3-8E08-D9660F904660}.Debug|x64.Build.0 = Debug|Any CPU
		{D72570C9-C41A-4DF3-8E08-D9660F904660}.Debug|x86.ActiveCfg = Debug|Any CPU
		{D72570C9-C41A-4DF3-8E08-D9660F904660}.Debug|x86.Build.0 = Debug|Any CPU
		{D72570C9-C41A-4DF3-8E08-D9660F904660}.Release|Any CPU.ActiveCfg = Release|Any CPU
		{D72570C9-C41A-4DF3-8E08-D9660F904660}.Release|Any CPU.Build.0 = Release|Any CPU
		{D72570C9-C41A-4DF3-8E08-D9660F904660}.Release|x64.ActiveCfg = Release|Any CPU
		{D72570C9-C41A-4DF3-8E08-D9660F904660}.Release|x64.Build.0 = Release|Any CPU
		{D72570C9-C41A-4DF3-8E08-D9660F904660}.Release|x86.ActiveCfg = Release|Any CPU
		{D72570C9-C41A-4DF3-8E08-D9660F904660}.Release|x86.Build.0 = Release|Any CPU
		{EDAE66F2-DC5F-4B56-8AEB-2CDC53172814}.Debug|Any CPU.ActiveCfg = Debug|Any CPU
		{EDAE66F2-DC5F-4B56-8AEB-2CDC53172814}.Debug|Any CPU.Build.0 = Debug|Any CPU
		{EDAE66F2-DC5F-4B56-8AEB-2CDC53172814}.Debug|x64.ActiveCfg = Debug|Any CPU
		{EDAE66F2-DC5F-4B56-8AEB-2CDC53172814}.Debug|x64.Build.0 = Debug|Any CPU
		{EDAE66F2-DC5F-4B56-8AEB-2CDC53172814}.Debug|x86.ActiveCfg = Debug|Any CPU
		{EDAE66F2-DC5F-4B56-8AEB-2CDC53172814}.Debug|x86.Build.0 = Debug|Any CPU
		{EDAE66F2-DC5F-4B56-8AEB-2CDC53172814}.Release|Any CPU.ActiveCfg = Release|Any CPU
		{EDAE66F2-DC5F-4B56-8AEB-2CDC53172814}.Release|Any CPU.Build.0 = Release|Any CPU
		{EDAE66F2-DC5F-4B56-8AEB-2CDC53172814}.Release|x64.ActiveCfg = Release|Any CPU
		{EDAE66F2-DC5F-4B56-8AEB-2CDC53172814}.Release|x64.Build.0 = Release|Any CPU
		{EDAE66F2-DC5F-4B56-8AEB-2CDC53172814}.Release|x86.ActiveCfg = Release|Any CPU
		{EDAE66F2-DC5F-4B56-8AEB-2CDC53172814}.Release|x86.Build.0 = Release|Any CPU
		{2BE110F4-F87F-4514-954D-6E1619850C2E}.Debug|Any CPU.ActiveCfg = Debug|Any CPU
		{2BE110F4-F87F-4514-954D-6E1619850C2E}.Debug|Any CPU.Build.0 = Debug|Any CPU
		{2BE110F4-F87F-4514-954D-6E1619850C2E}.Debug|x64.ActiveCfg = Debug|Any CPU
		{2BE110F4-F87F-4514-954D-6E1619850C2E}.Debug|x64.Build.0 = Debug|Any CPU
		{2BE110F4-F87F-4514-954D-6E1619850C2E}.Debug|x86.ActiveCfg = Debug|Any CPU
		{2BE110F4-F87F-4514-954D-6E1619850C2E}.Debug|x86.Build.0 = Debug|Any CPU
		{2BE110F4-F87F-4514-954D-6E1619850C2E}.Release|Any CPU.ActiveCfg = Release|Any CPU
		{2BE110F4-F87F-4514-954D-6E1619850C2E}.Release|Any CPU.Build.0 = Release|Any CPU
		{2BE110F4-F87F-4514-954D-6E1619850C2E}.Release|x64.ActiveCfg = Release|Any CPU
		{2BE110F4-F87F-4514-954D-6E1619850C2E}.Release|x64.Build.0 = Release|Any CPU
		{2BE110F4-F87F-4514-954D-6E1619850C2E}.Release|x86.ActiveCfg = Release|Any CPU
		{2BE110F4-F87F-4514-954D-6E1619850C2E}.Release|x86.Build.0 = Release|Any CPU
		{F563E7EA-7032-4528-B6B2-46FF50ABF9F1}.Debug|Any CPU.ActiveCfg = Debug|Any CPU
		{F563E7EA-7032-4528-B6B2-46FF50ABF9F1}.Debug|Any CPU.Build.0 = Debug|Any CPU
		{F563E7EA-7032-4528-B6B2-46FF50ABF9F1}.Debug|x64.ActiveCfg = Debug|Any CPU
		{F563E7EA-7032-4528-B6B2-46FF50ABF9F1}.Debug|x64.Build.0 = Debug|Any CPU
		{F563E7EA-7032-4528-B6B2-46FF50ABF9F1}.Debug|x86.ActiveCfg = Debug|Any CPU
		{F563E7EA-7032-4528-B6B2-46FF50ABF9F1}.Debug|x86.Build.0 = Debug|Any CPU
		{F563E7EA-7032-4528-B6B2-46FF50ABF9F1}.Release|Any CPU.ActiveCfg = Release|Any CPU
		{F563E7EA-7032-4528-B6B2-46FF50ABF9F1}.Release|Any CPU.Build.0 = Release|Any CPU
		{F563E7EA-7032-4528-B6B2-46FF50ABF9F1}.Release|x64.ActiveCfg = Release|Any CPU
		{F563E7EA-7032-4528-B6B2-46FF50ABF9F1}.Release|x64.Build.0 = Release|Any CPU
		{F563E7EA-7032-4528-B6B2-46FF50ABF9F1}.Release|x86.ActiveCfg = Release|Any CPU
		{F563E7EA-7032-4528-B6B2-46FF50ABF9F1}.Release|x86.Build.0 = Release|Any CPU
		{3AD5AFFF-D9E6-413F-AE5E-DD75767EE130}.Debug|Any CPU.ActiveCfg = Debug|Any CPU
		{3AD5AFFF-D9E6-413F-AE5E-DD75767EE130}.Debug|Any CPU.Build.0 = Debug|Any CPU
		{3AD5AFFF-D9E6-413F-AE5E-DD75767EE130}.Debug|x64.ActiveCfg = Debug|Any CPU
		{3AD5AFFF-D9E6-413F-AE5E-DD75767EE130}.Debug|x64.Build.0 = Debug|Any CPU
		{3AD5AFFF-D9E6-413F-AE5E-DD75767EE130}.Debug|x86.ActiveCfg = Debug|Any CPU
		{3AD5AFFF-D9E6-413F-AE5E-DD75767EE130}.Debug|x86.Build.0 = Debug|Any CPU
		{3AD5AFFF-D9E6-413F-AE5E-DD75767EE130}.Release|Any CPU.ActiveCfg = Release|Any CPU
		{3AD5AFFF-D9E6-413F-AE5E-DD75767EE130}.Release|Any CPU.Build.0 = Release|Any CPU
		{3AD5AFFF-D9E6-413F-AE5E-DD75767EE130}.Release|x64.ActiveCfg = Release|Any CPU
		{3AD5AFFF-D9E6-413F-AE5E-DD75767EE130}.Release|x64.Build.0 = Release|Any CPU
		{3AD5AFFF-D9E6-413F-AE5E-DD75767EE130}.Release|x86.ActiveCfg = Release|Any CPU
		{3AD5AFFF-D9E6-413F-AE5E-DD75767EE130}.Release|x86.Build.0 = Release|Any CPU
		{5D7F828D-E129-42C7-9094-854C9C270BF7}.Debug|Any CPU.ActiveCfg = Debug|Any CPU
		{5D7F828D-E129-42C7-9094-854C9C270BF7}.Debug|Any CPU.Build.0 = Debug|Any CPU
		{5D7F828D-E129-42C7-9094-854C9C270BF7}.Debug|x64.ActiveCfg = Debug|Any CPU
		{5D7F828D-E129-42C7-9094-854C9C270BF7}.Debug|x64.Build.0 = Debug|Any CPU
		{5D7F828D-E129-42C7-9094-854C9C270BF7}.Debug|x86.ActiveCfg = Debug|Any CPU
		{5D7F828D-E129-42C7-9094-854C9C270BF7}.Debug|x86.Build.0 = Debug|Any CPU
		{5D7F828D-E129-42C7-9094-854C9C270BF7}.Release|Any CPU.ActiveCfg = Release|Any CPU
		{5D7F828D-E129-42C7-9094-854C9C270BF7}.Release|Any CPU.Build.0 = Release|Any CPU
		{5D7F828D-E129-42C7-9094-854C9C270BF7}.Release|x64.ActiveCfg = Release|Any CPU
		{5D7F828D-E129-42C7-9094-854C9C270BF7}.Release|x64.Build.0 = Release|Any CPU
		{5D7F828D-E129-42C7-9094-854C9C270BF7}.Release|x86.ActiveCfg = Release|Any CPU
		{5D7F828D-E129-42C7-9094-854C9C270BF7}.Release|x86.Build.0 = Release|Any CPU
		{FC44B32D-BE72-476C-A8D0-08939B723201}.Debug|Any CPU.ActiveCfg = Debug|Any CPU
		{FC44B32D-BE72-476C-A8D0-08939B723201}.Debug|Any CPU.Build.0 = Debug|Any CPU
		{FC44B32D-BE72-476C-A8D0-08939B723201}.Debug|x64.ActiveCfg = Debug|Any CPU
		{FC44B32D-BE72-476C-A8D0-08939B723201}.Debug|x64.Build.0 = Debug|Any CPU
		{FC44B32D-BE72-476C-A8D0-08939B723201}.Debug|x86.ActiveCfg = Debug|Any CPU
		{FC44B32D-BE72-476C-A8D0-08939B723201}.Debug|x86.Build.0 = Debug|Any CPU
		{FC44B32D-BE72-476C-A8D0-08939B723201}.Release|Any CPU.ActiveCfg = Release|Any CPU
		{FC44B32D-BE72-476C-A8D0-08939B723201}.Release|Any CPU.Build.0 = Release|Any CPU
		{FC44B32D-BE72-476C-A8D0-08939B723201}.Release|x64.ActiveCfg = Release|Any CPU
		{FC44B32D-BE72-476C-A8D0-08939B723201}.Release|x64.Build.0 = Release|Any CPU
		{FC44B32D-BE72-476C-A8D0-08939B723201}.Release|x86.ActiveCfg = Release|Any CPU
		{FC44B32D-BE72-476C-A8D0-08939B723201}.Release|x86.Build.0 = Release|Any CPU
		{B21D437A-A95F-4580-A04B-1BCD51820362}.Debug|Any CPU.ActiveCfg = Debug|Any CPU
		{B21D437A-A95F-4580-A04B-1BCD51820362}.Debug|Any CPU.Build.0 = Debug|Any CPU
		{B21D437A-A95F-4580-A04B-1BCD51820362}.Debug|x64.ActiveCfg = Debug|Any CPU
		{B21D437A-A95F-4580-A04B-1BCD51820362}.Debug|x64.Build.0 = Debug|Any CPU
		{B21D437A-A95F-4580-A04B-1BCD51820362}.Debug|x86.ActiveCfg = Debug|Any CPU
		{B21D437A-A95F-4580-A04B-1BCD51820362}.Debug|x86.Build.0 = Debug|Any CPU
		{B21D437A-A95F-4580-A04B-1BCD51820362}.Release|Any CPU.ActiveCfg = Release|Any CPU
		{B21D437A-A95F-4580-A04B-1BCD51820362}.Release|Any CPU.Build.0 = Release|Any CPU
		{B21D437A-A95F-4580-A04B-1BCD51820362}.Release|x64.ActiveCfg = Release|Any CPU
		{B21D437A-A95F-4580-A04B-1BCD51820362}.Release|x64.Build.0 = Release|Any CPU
		{B21D437A-A95F-4580-A04B-1BCD51820362}.Release|x86.ActiveCfg = Release|Any CPU
		{B21D437A-A95F-4580-A04B-1BCD51820362}.Release|x86.Build.0 = Release|Any CPU
		{C680DC26-0A19-4308-8B24-A13B0ACEF225}.Debug|Any CPU.ActiveCfg = Debug|Any CPU
		{C680DC26-0A19-4308-8B24-A13B0ACEF225}.Debug|Any CPU.Build.0 = Debug|Any CPU
		{C680DC26-0A19-4308-8B24-A13B0ACEF225}.Debug|x64.ActiveCfg = Debug|Any CPU
		{C680DC26-0A19-4308-8B24-A13B0ACEF225}.Debug|x64.Build.0 = Debug|Any CPU
		{C680DC26-0A19-4308-8B24-A13B0ACEF225}.Debug|x86.ActiveCfg = Debug|Any CPU
		{C680DC26-0A19-4308-8B24-A13B0ACEF225}.Debug|x86.Build.0 = Debug|Any CPU
		{C680DC26-0A19-4308-8B24-A13B0ACEF225}.Release|Any CPU.ActiveCfg = Release|Any CPU
		{C680DC26-0A19-4308-8B24-A13B0ACEF225}.Release|Any CPU.Build.0 = Release|Any CPU
		{C680DC26-0A19-4308-8B24-A13B0ACEF225}.Release|x64.ActiveCfg = Release|Any CPU
		{C680DC26-0A19-4308-8B24-A13B0ACEF225}.Release|x64.Build.0 = Release|Any CPU
		{C680DC26-0A19-4308-8B24-A13B0ACEF225}.Release|x86.ActiveCfg = Release|Any CPU
		{C680DC26-0A19-4308-8B24-A13B0ACEF225}.Release|x86.Build.0 = Release|Any CPU
		{248D0440-12A5-44F1-8664-819F16C12232}.Debug|Any CPU.ActiveCfg = Debug|Any CPU
		{248D0440-12A5-44F1-8664-819F16C12232}.Debug|Any CPU.Build.0 = Debug|Any CPU
		{248D0440-12A5-44F1-8664-819F16C12232}.Debug|x64.ActiveCfg = Debug|Any CPU
		{248D0440-12A5-44F1-8664-819F16C12232}.Debug|x64.Build.0 = Debug|Any CPU
		{248D0440-12A5-44F1-8664-819F16C12232}.Debug|x86.ActiveCfg = Debug|Any CPU
		{248D0440-12A5-44F1-8664-819F16C12232}.Debug|x86.Build.0 = Debug|Any CPU
		{248D0440-12A5-44F1-8664-819F16C12232}.Release|Any CPU.ActiveCfg = Release|Any CPU
		{248D0440-12A5-44F1-8664-819F16C12232}.Release|Any CPU.Build.0 = Release|Any CPU
		{248D0440-12A5-44F1-8664-819F16C12232}.Release|x64.ActiveCfg = Release|Any CPU
		{248D0440-12A5-44F1-8664-819F16C12232}.Release|x64.Build.0 = Release|Any CPU
		{248D0440-12A5-44F1-8664-819F16C12232}.Release|x86.ActiveCfg = Release|Any CPU
		{248D0440-12A5-44F1-8664-819F16C12232}.Release|x86.Build.0 = Release|Any CPU
		{9AD3AA09-C201-4281-B280-E1821765A5DB}.Debug|Any CPU.ActiveCfg = Debug|Any CPU
		{9AD3AA09-C201-4281-B280-E1821765A5DB}.Debug|Any CPU.Build.0 = Debug|Any CPU
		{9AD3AA09-C201-4281-B280-E1821765A5DB}.Debug|x64.ActiveCfg = Debug|Any CPU
		{9AD3AA09-C201-4281-B280-E1821765A5DB}.Debug|x64.Build.0 = Debug|Any CPU
		{9AD3AA09-C201-4281-B280-E1821765A5DB}.Debug|x86.ActiveCfg = Debug|Any CPU
		{9AD3AA09-C201-4281-B280-E1821765A5DB}.Debug|x86.Build.0 = Debug|Any CPU
		{9AD3AA09-C201-4281-B280-E1821765A5DB}.Release|Any CPU.ActiveCfg = Release|Any CPU
		{9AD3AA09-C201-4281-B280-E1821765A5DB}.Release|Any CPU.Build.0 = Release|Any CPU
		{9AD3AA09-C201-4281-B280-E1821765A5DB}.Release|x64.ActiveCfg = Release|Any CPU
		{9AD3AA09-C201-4281-B280-E1821765A5DB}.Release|x64.Build.0 = Release|Any CPU
		{9AD3AA09-C201-4281-B280-E1821765A5DB}.Release|x86.ActiveCfg = Release|Any CPU
		{9AD3AA09-C201-4281-B280-E1821765A5DB}.Release|x86.Build.0 = Release|Any CPU
		{63ABD148-C81D-452E-A0FD-7E630880880E}.Debug|Any CPU.ActiveCfg = Debug|Any CPU
		{63ABD148-C81D-452E-A0FD-7E630880880E}.Debug|Any CPU.Build.0 = Debug|Any CPU
		{63ABD148-C81D-452E-A0FD-7E630880880E}.Debug|x64.ActiveCfg = Debug|Any CPU
		{63ABD148-C81D-452E-A0FD-7E630880880E}.Debug|x64.Build.0 = Debug|Any CPU
		{63ABD148-C81D-452E-A0FD-7E630880880E}.Debug|x86.ActiveCfg = Debug|Any CPU
		{63ABD148-C81D-452E-A0FD-7E630880880E}.Debug|x86.Build.0 = Debug|Any CPU
		{63ABD148-C81D-452E-A0FD-7E630880880E}.Release|Any CPU.ActiveCfg = Release|Any CPU
		{63ABD148-C81D-452E-A0FD-7E630880880E}.Release|Any CPU.Build.0 = Release|Any CPU
		{63ABD148-C81D-452E-A0FD-7E630880880E}.Release|x64.ActiveCfg = Release|Any CPU
		{63ABD148-C81D-452E-A0FD-7E630880880E}.Release|x64.Build.0 = Release|Any CPU
		{63ABD148-C81D-452E-A0FD-7E630880880E}.Release|x86.ActiveCfg = Release|Any CPU
		{63ABD148-C81D-452E-A0FD-7E630880880E}.Release|x86.Build.0 = Release|Any CPU
		{2F045906-78F2-469B-94C6-B53275BB4CF4}.Debug|Any CPU.ActiveCfg = Debug|Any CPU
		{2F045906-78F2-469B-94C6-B53275BB4CF4}.Debug|Any CPU.Build.0 = Debug|Any CPU
		{2F045906-78F2-469B-94C6-B53275BB4CF4}.Debug|x64.ActiveCfg = Debug|Any CPU
		{2F045906-78F2-469B-94C6-B53275BB4CF4}.Debug|x64.Build.0 = Debug|Any CPU
		{2F045906-78F2-469B-94C6-B53275BB4CF4}.Debug|x86.ActiveCfg = Debug|Any CPU
		{2F045906-78F2-469B-94C6-B53275BB4CF4}.Debug|x86.Build.0 = Debug|Any CPU
		{2F045906-78F2-469B-94C6-B53275BB4CF4}.Release|Any CPU.ActiveCfg = Release|Any CPU
		{2F045906-78F2-469B-94C6-B53275BB4CF4}.Release|Any CPU.Build.0 = Release|Any CPU
		{2F045906-78F2-469B-94C6-B53275BB4CF4}.Release|x64.ActiveCfg = Release|Any CPU
		{2F045906-78F2-469B-94C6-B53275BB4CF4}.Release|x64.Build.0 = Release|Any CPU
		{2F045906-78F2-469B-94C6-B53275BB4CF4}.Release|x86.ActiveCfg = Release|Any CPU
		{2F045906-78F2-469B-94C6-B53275BB4CF4}.Release|x86.Build.0 = Release|Any CPU
		{E3A79C1D-F9C2-431A-9451-20FD3B2E18DE}.Debug|Any CPU.ActiveCfg = Debug|Any CPU
		{E3A79C1D-F9C2-431A-9451-20FD3B2E18DE}.Debug|Any CPU.Build.0 = Debug|Any CPU
		{E3A79C1D-F9C2-431A-9451-20FD3B2E18DE}.Debug|x64.ActiveCfg = Debug|Any CPU
		{E3A79C1D-F9C2-431A-9451-20FD3B2E18DE}.Debug|x64.Build.0 = Debug|Any CPU
		{E3A79C1D-F9C2-431A-9451-20FD3B2E18DE}.Debug|x86.ActiveCfg = Debug|Any CPU
		{E3A79C1D-F9C2-431A-9451-20FD3B2E18DE}.Debug|x86.Build.0 = Debug|Any CPU
		{E3A79C1D-F9C2-431A-9451-20FD3B2E18DE}.Release|Any CPU.ActiveCfg = Release|Any CPU
		{E3A79C1D-F9C2-431A-9451-20FD3B2E18DE}.Release|Any CPU.Build.0 = Release|Any CPU
		{E3A79C1D-F9C2-431A-9451-20FD3B2E18DE}.Release|x64.ActiveCfg = Release|Any CPU
		{E3A79C1D-F9C2-431A-9451-20FD3B2E18DE}.Release|x64.Build.0 = Release|Any CPU
		{E3A79C1D-F9C2-431A-9451-20FD3B2E18DE}.Release|x86.ActiveCfg = Release|Any CPU
		{E3A79C1D-F9C2-431A-9451-20FD3B2E18DE}.Release|x86.Build.0 = Release|Any CPU
		{A86C9792-FE46-42B5-9D0A-D5B4EB95D975}.Debug|Any CPU.ActiveCfg = Debug|Any CPU
		{A86C9792-FE46-42B5-9D0A-D5B4EB95D975}.Debug|Any CPU.Build.0 = Debug|Any CPU
		{A86C9792-FE46-42B5-9D0A-D5B4EB95D975}.Debug|x64.ActiveCfg = Debug|Any CPU
		{A86C9792-FE46-42B5-9D0A-D5B4EB95D975}.Debug|x64.Build.0 = Debug|Any CPU
		{A86C9792-FE46-42B5-9D0A-D5B4EB95D975}.Debug|x86.ActiveCfg = Debug|Any CPU
		{A86C9792-FE46-42B5-9D0A-D5B4EB95D975}.Debug|x86.Build.0 = Debug|Any CPU
		{A86C9792-FE46-42B5-9D0A-D5B4EB95D975}.Release|Any CPU.ActiveCfg = Release|Any CPU
		{A86C9792-FE46-42B5-9D0A-D5B4EB95D975}.Release|Any CPU.Build.0 = Release|Any CPU
		{A86C9792-FE46-42B5-9D0A-D5B4EB95D975}.Release|x64.ActiveCfg = Release|Any CPU
		{A86C9792-FE46-42B5-9D0A-D5B4EB95D975}.Release|x64.Build.0 = Release|Any CPU
		{A86C9792-FE46-42B5-9D0A-D5B4EB95D975}.Release|x86.ActiveCfg = Release|Any CPU
		{A86C9792-FE46-42B5-9D0A-D5B4EB95D975}.Release|x86.Build.0 = Release|Any CPU
		{4DFEAF0F-9848-4B4B-8553-73251A2402EB}.Debug|Any CPU.ActiveCfg = Debug|Any CPU
		{4DFEAF0F-9848-4B4B-8553-73251A2402EB}.Debug|Any CPU.Build.0 = Debug|Any CPU
		{4DFEAF0F-9848-4B4B-8553-73251A2402EB}.Debug|x64.ActiveCfg = Debug|Any CPU
		{4DFEAF0F-9848-4B4B-8553-73251A2402EB}.Debug|x64.Build.0 = Debug|Any CPU
		{4DFEAF0F-9848-4B4B-8553-73251A2402EB}.Debug|x86.ActiveCfg = Debug|Any CPU
		{4DFEAF0F-9848-4B4B-8553-73251A2402EB}.Debug|x86.Build.0 = Debug|Any CPU
		{4DFEAF0F-9848-4B4B-8553-73251A2402EB}.Release|Any CPU.ActiveCfg = Release|Any CPU
		{4DFEAF0F-9848-4B4B-8553-73251A2402EB}.Release|Any CPU.Build.0 = Release|Any CPU
		{4DFEAF0F-9848-4B4B-8553-73251A2402EB}.Release|x64.ActiveCfg = Release|Any CPU
		{4DFEAF0F-9848-4B4B-8553-73251A2402EB}.Release|x64.Build.0 = Release|Any CPU
		{4DFEAF0F-9848-4B4B-8553-73251A2402EB}.Release|x86.ActiveCfg = Release|Any CPU
		{4DFEAF0F-9848-4B4B-8553-73251A2402EB}.Release|x86.Build.0 = Release|Any CPU
		{5591D6E3-4DB3-44D7-B12B-864AA42DFE07}.Debug|Any CPU.ActiveCfg = Debug|Any CPU
		{5591D6E3-4DB3-44D7-B12B-864AA42DFE07}.Debug|Any CPU.Build.0 = Debug|Any CPU
		{5591D6E3-4DB3-44D7-B12B-864AA42DFE07}.Debug|x64.ActiveCfg = Debug|Any CPU
		{5591D6E3-4DB3-44D7-B12B-864AA42DFE07}.Debug|x64.Build.0 = Debug|Any CPU
		{5591D6E3-4DB3-44D7-B12B-864AA42DFE07}.Debug|x86.ActiveCfg = Debug|Any CPU
		{5591D6E3-4DB3-44D7-B12B-864AA42DFE07}.Debug|x86.Build.0 = Debug|Any CPU
		{5591D6E3-4DB3-44D7-B12B-864AA42DFE07}.Release|Any CPU.ActiveCfg = Release|Any CPU
		{5591D6E3-4DB3-44D7-B12B-864AA42DFE07}.Release|Any CPU.Build.0 = Release|Any CPU
		{5591D6E3-4DB3-44D7-B12B-864AA42DFE07}.Release|x64.ActiveCfg = Release|Any CPU
		{5591D6E3-4DB3-44D7-B12B-864AA42DFE07}.Release|x64.Build.0 = Release|Any CPU
		{5591D6E3-4DB3-44D7-B12B-864AA42DFE07}.Release|x86.ActiveCfg = Release|Any CPU
		{5591D6E3-4DB3-44D7-B12B-864AA42DFE07}.Release|x86.Build.0 = Release|Any CPU
		{F35F3FF9-BCEF-42D7-817E-F8E444F5A774}.Debug|Any CPU.ActiveCfg = Debug|Any CPU
		{F35F3FF9-BCEF-42D7-817E-F8E444F5A774}.Debug|Any CPU.Build.0 = Debug|Any CPU
		{F35F3FF9-BCEF-42D7-817E-F8E444F5A774}.Debug|x64.ActiveCfg = Debug|Any CPU
		{F35F3FF9-BCEF-42D7-817E-F8E444F5A774}.Debug|x64.Build.0 = Debug|Any CPU
		{F35F3FF9-BCEF-42D7-817E-F8E444F5A774}.Debug|x86.ActiveCfg = Debug|Any CPU
		{F35F3FF9-BCEF-42D7-817E-F8E444F5A774}.Debug|x86.Build.0 = Debug|Any CPU
		{F35F3FF9-BCEF-42D7-817E-F8E444F5A774}.Release|Any CPU.ActiveCfg = Release|Any CPU
		{F35F3FF9-BCEF-42D7-817E-F8E444F5A774}.Release|Any CPU.Build.0 = Release|Any CPU
		{F35F3FF9-BCEF-42D7-817E-F8E444F5A774}.Release|x64.ActiveCfg = Release|Any CPU
		{F35F3FF9-BCEF-42D7-817E-F8E444F5A774}.Release|x64.Build.0 = Release|Any CPU
		{F35F3FF9-BCEF-42D7-817E-F8E444F5A774}.Release|x86.ActiveCfg = Release|Any CPU
		{F35F3FF9-BCEF-42D7-817E-F8E444F5A774}.Release|x86.Build.0 = Release|Any CPU
		{BA88A1DD-52C3-4E64-A0DA-15B954A2DA92}.Debug|Any CPU.ActiveCfg = Debug|Any CPU
		{BA88A1DD-52C3-4E64-A0DA-15B954A2DA92}.Debug|Any CPU.Build.0 = Debug|Any CPU
		{BA88A1DD-52C3-4E64-A0DA-15B954A2DA92}.Debug|x64.ActiveCfg = Debug|Any CPU
		{BA88A1DD-52C3-4E64-A0DA-15B954A2DA92}.Debug|x64.Build.0 = Debug|Any CPU
		{BA88A1DD-52C3-4E64-A0DA-15B954A2DA92}.Debug|x86.ActiveCfg = Debug|Any CPU
		{BA88A1DD-52C3-4E64-A0DA-15B954A2DA92}.Debug|x86.Build.0 = Debug|Any CPU
		{BA88A1DD-52C3-4E64-A0DA-15B954A2DA92}.Release|Any CPU.ActiveCfg = Release|Any CPU
		{BA88A1DD-52C3-4E64-A0DA-15B954A2DA92}.Release|Any CPU.Build.0 = Release|Any CPU
		{BA88A1DD-52C3-4E64-A0DA-15B954A2DA92}.Release|x64.ActiveCfg = Release|Any CPU
		{BA88A1DD-52C3-4E64-A0DA-15B954A2DA92}.Release|x64.Build.0 = Release|Any CPU
		{BA88A1DD-52C3-4E64-A0DA-15B954A2DA92}.Release|x86.ActiveCfg = Release|Any CPU
		{BA88A1DD-52C3-4E64-A0DA-15B954A2DA92}.Release|x86.Build.0 = Release|Any CPU
		{76219954-2209-4A41-AB97-288C5D3F0541}.Debug|Any CPU.ActiveCfg = Debug|Any CPU
		{76219954-2209-4A41-AB97-288C5D3F0541}.Debug|Any CPU.Build.0 = Debug|Any CPU
		{76219954-2209-4A41-AB97-288C5D3F0541}.Debug|x64.ActiveCfg = Debug|Any CPU
		{76219954-2209-4A41-AB97-288C5D3F0541}.Debug|x64.Build.0 = Debug|Any CPU
		{76219954-2209-4A41-AB97-288C5D3F0541}.Debug|x86.ActiveCfg = Debug|Any CPU
		{76219954-2209-4A41-AB97-288C5D3F0541}.Debug|x86.Build.0 = Debug|Any CPU
		{76219954-2209-4A41-AB97-288C5D3F0541}.Release|Any CPU.ActiveCfg = Release|Any CPU
		{76219954-2209-4A41-AB97-288C5D3F0541}.Release|Any CPU.Build.0 = Release|Any CPU
		{76219954-2209-4A41-AB97-288C5D3F0541}.Release|x64.ActiveCfg = Release|Any CPU
		{76219954-2209-4A41-AB97-288C5D3F0541}.Release|x64.Build.0 = Release|Any CPU
		{76219954-2209-4A41-AB97-288C5D3F0541}.Release|x86.ActiveCfg = Release|Any CPU
		{76219954-2209-4A41-AB97-288C5D3F0541}.Release|x86.Build.0 = Release|Any CPU
		{19FA9E53-E33A-4DE6-9F84-B09BA21711E8}.Debug|Any CPU.ActiveCfg = Debug|Any CPU
		{19FA9E53-E33A-4DE6-9F84-B09BA21711E8}.Debug|Any CPU.Build.0 = Debug|Any CPU
		{19FA9E53-E33A-4DE6-9F84-B09BA21711E8}.Debug|x64.ActiveCfg = Debug|Any CPU
		{19FA9E53-E33A-4DE6-9F84-B09BA21711E8}.Debug|x64.Build.0 = Debug|Any CPU
		{19FA9E53-E33A-4DE6-9F84-B09BA21711E8}.Debug|x86.ActiveCfg = Debug|Any CPU
		{19FA9E53-E33A-4DE6-9F84-B09BA21711E8}.Debug|x86.Build.0 = Debug|Any CPU
		{19FA9E53-E33A-4DE6-9F84-B09BA21711E8}.Release|Any CPU.ActiveCfg = Release|Any CPU
		{19FA9E53-E33A-4DE6-9F84-B09BA21711E8}.Release|Any CPU.Build.0 = Release|Any CPU
		{19FA9E53-E33A-4DE6-9F84-B09BA21711E8}.Release|x64.ActiveCfg = Release|Any CPU
		{19FA9E53-E33A-4DE6-9F84-B09BA21711E8}.Release|x64.Build.0 = Release|Any CPU
		{19FA9E53-E33A-4DE6-9F84-B09BA21711E8}.Release|x86.ActiveCfg = Release|Any CPU
		{19FA9E53-E33A-4DE6-9F84-B09BA21711E8}.Release|x86.Build.0 = Release|Any CPU
		{C191D659-8253-483E-8F19-57EB2A612FAB}.Debug|Any CPU.ActiveCfg = Debug|Any CPU
		{C191D659-8253-483E-8F19-57EB2A612FAB}.Debug|Any CPU.Build.0 = Debug|Any CPU
		{C191D659-8253-483E-8F19-57EB2A612FAB}.Debug|x64.ActiveCfg = Debug|Any CPU
		{C191D659-8253-483E-8F19-57EB2A612FAB}.Debug|x64.Build.0 = Debug|Any CPU
		{C191D659-8253-483E-8F19-57EB2A612FAB}.Debug|x86.ActiveCfg = Debug|Any CPU
		{C191D659-8253-483E-8F19-57EB2A612FAB}.Debug|x86.Build.0 = Debug|Any CPU
		{C191D659-8253-483E-8F19-57EB2A612FAB}.Release|Any CPU.ActiveCfg = Release|Any CPU
		{C191D659-8253-483E-8F19-57EB2A612FAB}.Release|Any CPU.Build.0 = Release|Any CPU
		{C191D659-8253-483E-8F19-57EB2A612FAB}.Release|x64.ActiveCfg = Release|Any CPU
		{C191D659-8253-483E-8F19-57EB2A612FAB}.Release|x64.Build.0 = Release|Any CPU
		{C191D659-8253-483E-8F19-57EB2A612FAB}.Release|x86.ActiveCfg = Release|Any CPU
		{C191D659-8253-483E-8F19-57EB2A612FAB}.Release|x86.Build.0 = Release|Any CPU
		{3836A072-F4CC-4DD0-B0B6-0EB8F068E088}.Debug|Any CPU.ActiveCfg = Debug|Any CPU
		{3836A072-F4CC-4DD0-B0B6-0EB8F068E088}.Debug|Any CPU.Build.0 = Debug|Any CPU
		{3836A072-F4CC-4DD0-B0B6-0EB8F068E088}.Debug|x64.ActiveCfg = Debug|Any CPU
		{3836A072-F4CC-4DD0-B0B6-0EB8F068E088}.Debug|x64.Build.0 = Debug|Any CPU
		{3836A072-F4CC-4DD0-B0B6-0EB8F068E088}.Debug|x86.ActiveCfg = Debug|Any CPU
		{3836A072-F4CC-4DD0-B0B6-0EB8F068E088}.Debug|x86.Build.0 = Debug|Any CPU
		{3836A072-F4CC-4DD0-B0B6-0EB8F068E088}.Release|Any CPU.ActiveCfg = Release|Any CPU
		{3836A072-F4CC-4DD0-B0B6-0EB8F068E088}.Release|Any CPU.Build.0 = Release|Any CPU
		{3836A072-F4CC-4DD0-B0B6-0EB8F068E088}.Release|x64.ActiveCfg = Release|Any CPU
		{3836A072-F4CC-4DD0-B0B6-0EB8F068E088}.Release|x64.Build.0 = Release|Any CPU
		{3836A072-F4CC-4DD0-B0B6-0EB8F068E088}.Release|x86.ActiveCfg = Release|Any CPU
		{3836A072-F4CC-4DD0-B0B6-0EB8F068E088}.Release|x86.Build.0 = Release|Any CPU
		{351D3E2A-1FD6-4101-877B-3B8710363350}.Debug|Any CPU.ActiveCfg = Debug|Any CPU
		{351D3E2A-1FD6-4101-877B-3B8710363350}.Debug|Any CPU.Build.0 = Debug|Any CPU
		{351D3E2A-1FD6-4101-877B-3B8710363350}.Debug|x64.ActiveCfg = Debug|Any CPU
		{351D3E2A-1FD6-4101-877B-3B8710363350}.Debug|x64.Build.0 = Debug|Any CPU
		{351D3E2A-1FD6-4101-877B-3B8710363350}.Debug|x86.ActiveCfg = Debug|Any CPU
		{351D3E2A-1FD6-4101-877B-3B8710363350}.Debug|x86.Build.0 = Debug|Any CPU
		{351D3E2A-1FD6-4101-877B-3B8710363350}.Release|Any CPU.ActiveCfg = Release|Any CPU
		{351D3E2A-1FD6-4101-877B-3B8710363350}.Release|Any CPU.Build.0 = Release|Any CPU
		{351D3E2A-1FD6-4101-877B-3B8710363350}.Release|x64.ActiveCfg = Release|Any CPU
		{351D3E2A-1FD6-4101-877B-3B8710363350}.Release|x64.Build.0 = Release|Any CPU
		{351D3E2A-1FD6-4101-877B-3B8710363350}.Release|x86.ActiveCfg = Release|Any CPU
		{351D3E2A-1FD6-4101-877B-3B8710363350}.Release|x86.Build.0 = Release|Any CPU
		{F1AD827A-E04C-4A0A-ACAF-B26A781C84A7}.Debug|Any CPU.ActiveCfg = Debug|Any CPU
		{F1AD827A-E04C-4A0A-ACAF-B26A781C84A7}.Debug|Any CPU.Build.0 = Debug|Any CPU
		{F1AD827A-E04C-4A0A-ACAF-B26A781C84A7}.Debug|x64.ActiveCfg = Debug|Any CPU
		{F1AD827A-E04C-4A0A-ACAF-B26A781C84A7}.Debug|x64.Build.0 = Debug|Any CPU
		{F1AD827A-E04C-4A0A-ACAF-B26A781C84A7}.Debug|x86.ActiveCfg = Debug|Any CPU
		{F1AD827A-E04C-4A0A-ACAF-B26A781C84A7}.Debug|x86.Build.0 = Debug|Any CPU
		{F1AD827A-E04C-4A0A-ACAF-B26A781C84A7}.Release|Any CPU.ActiveCfg = Release|Any CPU
		{F1AD827A-E04C-4A0A-ACAF-B26A781C84A7}.Release|Any CPU.Build.0 = Release|Any CPU
		{F1AD827A-E04C-4A0A-ACAF-B26A781C84A7}.Release|x64.ActiveCfg = Release|Any CPU
		{F1AD827A-E04C-4A0A-ACAF-B26A781C84A7}.Release|x64.Build.0 = Release|Any CPU
		{F1AD827A-E04C-4A0A-ACAF-B26A781C84A7}.Release|x86.ActiveCfg = Release|Any CPU
		{F1AD827A-E04C-4A0A-ACAF-B26A781C84A7}.Release|x86.Build.0 = Release|Any CPU
		{689CFA21-A3B9-417B-BE86-058242EE701B}.Debug|Any CPU.ActiveCfg = Debug|Any CPU
		{689CFA21-A3B9-417B-BE86-058242EE701B}.Debug|Any CPU.Build.0 = Debug|Any CPU
		{689CFA21-A3B9-417B-BE86-058242EE701B}.Debug|x64.ActiveCfg = Debug|Any CPU
		{689CFA21-A3B9-417B-BE86-058242EE701B}.Debug|x64.Build.0 = Debug|Any CPU
		{689CFA21-A3B9-417B-BE86-058242EE701B}.Debug|x86.ActiveCfg = Debug|Any CPU
		{689CFA21-A3B9-417B-BE86-058242EE701B}.Debug|x86.Build.0 = Debug|Any CPU
		{689CFA21-A3B9-417B-BE86-058242EE701B}.Release|Any CPU.ActiveCfg = Release|Any CPU
		{689CFA21-A3B9-417B-BE86-058242EE701B}.Release|Any CPU.Build.0 = Release|Any CPU
		{689CFA21-A3B9-417B-BE86-058242EE701B}.Release|x64.ActiveCfg = Release|Any CPU
		{689CFA21-A3B9-417B-BE86-058242EE701B}.Release|x64.Build.0 = Release|Any CPU
		{689CFA21-A3B9-417B-BE86-058242EE701B}.Release|x86.ActiveCfg = Release|Any CPU
		{689CFA21-A3B9-417B-BE86-058242EE701B}.Release|x86.Build.0 = Release|Any CPU
		{F30899EE-B186-4988-9EE1-51FAB8E5E9DE}.Debug|Any CPU.ActiveCfg = Debug|Any CPU
		{F30899EE-B186-4988-9EE1-51FAB8E5E9DE}.Debug|Any CPU.Build.0 = Debug|Any CPU
		{F30899EE-B186-4988-9EE1-51FAB8E5E9DE}.Debug|x64.ActiveCfg = Debug|Any CPU
		{F30899EE-B186-4988-9EE1-51FAB8E5E9DE}.Debug|x64.Build.0 = Debug|Any CPU
		{F30899EE-B186-4988-9EE1-51FAB8E5E9DE}.Debug|x86.ActiveCfg = Debug|Any CPU
		{F30899EE-B186-4988-9EE1-51FAB8E5E9DE}.Debug|x86.Build.0 = Debug|Any CPU
		{F30899EE-B186-4988-9EE1-51FAB8E5E9DE}.Release|Any CPU.ActiveCfg = Release|Any CPU
		{F30899EE-B186-4988-9EE1-51FAB8E5E9DE}.Release|Any CPU.Build.0 = Release|Any CPU
		{F30899EE-B186-4988-9EE1-51FAB8E5E9DE}.Release|x64.ActiveCfg = Release|Any CPU
		{F30899EE-B186-4988-9EE1-51FAB8E5E9DE}.Release|x64.Build.0 = Release|Any CPU
		{F30899EE-B186-4988-9EE1-51FAB8E5E9DE}.Release|x86.ActiveCfg = Release|Any CPU
		{F30899EE-B186-4988-9EE1-51FAB8E5E9DE}.Release|x86.Build.0 = Release|Any CPU
		{BF545D8E-436E-4D16-9917-E5C551E21B82}.Debug|Any CPU.ActiveCfg = Debug|Any CPU
		{BF545D8E-436E-4D16-9917-E5C551E21B82}.Debug|Any CPU.Build.0 = Debug|Any CPU
		{BF545D8E-436E-4D16-9917-E5C551E21B82}.Debug|x64.ActiveCfg = Debug|Any CPU
		{BF545D8E-436E-4D16-9917-E5C551E21B82}.Debug|x64.Build.0 = Debug|Any CPU
		{BF545D8E-436E-4D16-9917-E5C551E21B82}.Debug|x86.ActiveCfg = Debug|Any CPU
		{BF545D8E-436E-4D16-9917-E5C551E21B82}.Debug|x86.Build.0 = Debug|Any CPU
		{BF545D8E-436E-4D16-9917-E5C551E21B82}.Release|Any CPU.ActiveCfg = Release|Any CPU
		{BF545D8E-436E-4D16-9917-E5C551E21B82}.Release|Any CPU.Build.0 = Release|Any CPU
		{BF545D8E-436E-4D16-9917-E5C551E21B82}.Release|x64.ActiveCfg = Release|Any CPU
		{BF545D8E-436E-4D16-9917-E5C551E21B82}.Release|x64.Build.0 = Release|Any CPU
		{BF545D8E-436E-4D16-9917-E5C551E21B82}.Release|x86.ActiveCfg = Release|Any CPU
		{BF545D8E-436E-4D16-9917-E5C551E21B82}.Release|x86.Build.0 = Release|Any CPU
		{2539D3E4-8157-4FDC-8309-8171F61FEF76}.Debug|Any CPU.ActiveCfg = Debug|Any CPU
		{2539D3E4-8157-4FDC-8309-8171F61FEF76}.Debug|Any CPU.Build.0 = Debug|Any CPU
		{2539D3E4-8157-4FDC-8309-8171F61FEF76}.Debug|x64.ActiveCfg = Debug|Any CPU
		{2539D3E4-8157-4FDC-8309-8171F61FEF76}.Debug|x64.Build.0 = Debug|Any CPU
		{2539D3E4-8157-4FDC-8309-8171F61FEF76}.Debug|x86.ActiveCfg = Debug|Any CPU
		{2539D3E4-8157-4FDC-8309-8171F61FEF76}.Debug|x86.Build.0 = Debug|Any CPU
		{2539D3E4-8157-4FDC-8309-8171F61FEF76}.Release|Any CPU.ActiveCfg = Release|Any CPU
		{2539D3E4-8157-4FDC-8309-8171F61FEF76}.Release|Any CPU.Build.0 = Release|Any CPU
		{2539D3E4-8157-4FDC-8309-8171F61FEF76}.Release|x64.ActiveCfg = Release|Any CPU
		{2539D3E4-8157-4FDC-8309-8171F61FEF76}.Release|x64.Build.0 = Release|Any CPU
		{2539D3E4-8157-4FDC-8309-8171F61FEF76}.Release|x86.ActiveCfg = Release|Any CPU
		{2539D3E4-8157-4FDC-8309-8171F61FEF76}.Release|x86.Build.0 = Release|Any CPU
		{5E5F52DA-06CE-4BE9-87B1-48D43D0F7006}.Debug|Any CPU.ActiveCfg = Debug|Any CPU
		{5E5F52DA-06CE-4BE9-87B1-48D43D0F7006}.Debug|Any CPU.Build.0 = Debug|Any CPU
		{5E5F52DA-06CE-4BE9-87B1-48D43D0F7006}.Debug|x64.ActiveCfg = Debug|Any CPU
		{5E5F52DA-06CE-4BE9-87B1-48D43D0F7006}.Debug|x64.Build.0 = Debug|Any CPU
		{5E5F52DA-06CE-4BE9-87B1-48D43D0F7006}.Debug|x86.ActiveCfg = Debug|Any CPU
		{5E5F52DA-06CE-4BE9-87B1-48D43D0F7006}.Debug|x86.Build.0 = Debug|Any CPU
		{5E5F52DA-06CE-4BE9-87B1-48D43D0F7006}.Release|Any CPU.ActiveCfg = Release|Any CPU
		{5E5F52DA-06CE-4BE9-87B1-48D43D0F7006}.Release|Any CPU.Build.0 = Release|Any CPU
		{5E5F52DA-06CE-4BE9-87B1-48D43D0F7006}.Release|x64.ActiveCfg = Release|Any CPU
		{5E5F52DA-06CE-4BE9-87B1-48D43D0F7006}.Release|x64.Build.0 = Release|Any CPU
		{5E5F52DA-06CE-4BE9-87B1-48D43D0F7006}.Release|x86.ActiveCfg = Release|Any CPU
		{5E5F52DA-06CE-4BE9-87B1-48D43D0F7006}.Release|x86.Build.0 = Release|Any CPU
		{BCC2EAEA-4CB5-4BDF-9DE7-EE5E91FE45A1}.Debug|Any CPU.ActiveCfg = Debug|Any CPU
		{BCC2EAEA-4CB5-4BDF-9DE7-EE5E91FE45A1}.Debug|Any CPU.Build.0 = Debug|Any CPU
		{BCC2EAEA-4CB5-4BDF-9DE7-EE5E91FE45A1}.Debug|x64.ActiveCfg = Debug|Any CPU
		{BCC2EAEA-4CB5-4BDF-9DE7-EE5E91FE45A1}.Debug|x64.Build.0 = Debug|Any CPU
		{BCC2EAEA-4CB5-4BDF-9DE7-EE5E91FE45A1}.Debug|x86.ActiveCfg = Debug|Any CPU
		{BCC2EAEA-4CB5-4BDF-9DE7-EE5E91FE45A1}.Debug|x86.Build.0 = Debug|Any CPU
		{BCC2EAEA-4CB5-4BDF-9DE7-EE5E91FE45A1}.Release|Any CPU.ActiveCfg = Release|Any CPU
		{BCC2EAEA-4CB5-4BDF-9DE7-EE5E91FE45A1}.Release|Any CPU.Build.0 = Release|Any CPU
		{BCC2EAEA-4CB5-4BDF-9DE7-EE5E91FE45A1}.Release|x64.ActiveCfg = Release|Any CPU
		{BCC2EAEA-4CB5-4BDF-9DE7-EE5E91FE45A1}.Release|x64.Build.0 = Release|Any CPU
		{BCC2EAEA-4CB5-4BDF-9DE7-EE5E91FE45A1}.Release|x86.ActiveCfg = Release|Any CPU
		{BCC2EAEA-4CB5-4BDF-9DE7-EE5E91FE45A1}.Release|x86.Build.0 = Release|Any CPU
		{C3C46489-B594-418F-88E6-A388D228EBC5}.Debug|Any CPU.ActiveCfg = Debug|Any CPU
		{C3C46489-B594-418F-88E6-A388D228EBC5}.Debug|Any CPU.Build.0 = Debug|Any CPU
		{C3C46489-B594-418F-88E6-A388D228EBC5}.Debug|x64.ActiveCfg = Debug|Any CPU
		{C3C46489-B594-418F-88E6-A388D228EBC5}.Debug|x64.Build.0 = Debug|Any CPU
		{C3C46489-B594-418F-88E6-A388D228EBC5}.Debug|x86.ActiveCfg = Debug|Any CPU
		{C3C46489-B594-418F-88E6-A388D228EBC5}.Debug|x86.Build.0 = Debug|Any CPU
		{C3C46489-B594-418F-88E6-A388D228EBC5}.Release|Any CPU.ActiveCfg = Release|Any CPU
		{C3C46489-B594-418F-88E6-A388D228EBC5}.Release|Any CPU.Build.0 = Release|Any CPU
		{C3C46489-B594-418F-88E6-A388D228EBC5}.Release|x64.ActiveCfg = Release|Any CPU
		{C3C46489-B594-418F-88E6-A388D228EBC5}.Release|x64.Build.0 = Release|Any CPU
		{C3C46489-B594-418F-88E6-A388D228EBC5}.Release|x86.ActiveCfg = Release|Any CPU
		{C3C46489-B594-418F-88E6-A388D228EBC5}.Release|x86.Build.0 = Release|Any CPU
		{2070B847-FFA1-4955-87D9-3B6E90F8F6E1}.Debug|Any CPU.ActiveCfg = Debug|Any CPU
		{2070B847-FFA1-4955-87D9-3B6E90F8F6E1}.Debug|Any CPU.Build.0 = Debug|Any CPU
		{2070B847-FFA1-4955-87D9-3B6E90F8F6E1}.Debug|x64.ActiveCfg = Debug|Any CPU
		{2070B847-FFA1-4955-87D9-3B6E90F8F6E1}.Debug|x64.Build.0 = Debug|Any CPU
		{2070B847-FFA1-4955-87D9-3B6E90F8F6E1}.Debug|x86.ActiveCfg = Debug|Any CPU
		{2070B847-FFA1-4955-87D9-3B6E90F8F6E1}.Debug|x86.Build.0 = Debug|Any CPU
		{2070B847-FFA1-4955-87D9-3B6E90F8F6E1}.Release|Any CPU.ActiveCfg = Release|Any CPU
		{2070B847-FFA1-4955-87D9-3B6E90F8F6E1}.Release|Any CPU.Build.0 = Release|Any CPU
		{2070B847-FFA1-4955-87D9-3B6E90F8F6E1}.Release|x64.ActiveCfg = Release|Any CPU
		{2070B847-FFA1-4955-87D9-3B6E90F8F6E1}.Release|x64.Build.0 = Release|Any CPU
		{2070B847-FFA1-4955-87D9-3B6E90F8F6E1}.Release|x86.ActiveCfg = Release|Any CPU
		{2070B847-FFA1-4955-87D9-3B6E90F8F6E1}.Release|x86.Build.0 = Release|Any CPU
		{FAAEFD16-1D3E-4A90-82F1-7A9C657E3DE2}.Debug|Any CPU.ActiveCfg = Debug|Any CPU
		{FAAEFD16-1D3E-4A90-82F1-7A9C657E3DE2}.Debug|Any CPU.Build.0 = Debug|Any CPU
		{FAAEFD16-1D3E-4A90-82F1-7A9C657E3DE2}.Debug|x64.ActiveCfg = Debug|Any CPU
		{FAAEFD16-1D3E-4A90-82F1-7A9C657E3DE2}.Debug|x64.Build.0 = Debug|Any CPU
		{FAAEFD16-1D3E-4A90-82F1-7A9C657E3DE2}.Debug|x86.ActiveCfg = Debug|Any CPU
		{FAAEFD16-1D3E-4A90-82F1-7A9C657E3DE2}.Debug|x86.Build.0 = Debug|Any CPU
		{FAAEFD16-1D3E-4A90-82F1-7A9C657E3DE2}.Release|Any CPU.ActiveCfg = Release|Any CPU
		{FAAEFD16-1D3E-4A90-82F1-7A9C657E3DE2}.Release|Any CPU.Build.0 = Release|Any CPU
		{FAAEFD16-1D3E-4A90-82F1-7A9C657E3DE2}.Release|x64.ActiveCfg = Release|Any CPU
		{FAAEFD16-1D3E-4A90-82F1-7A9C657E3DE2}.Release|x64.Build.0 = Release|Any CPU
		{FAAEFD16-1D3E-4A90-82F1-7A9C657E3DE2}.Release|x86.ActiveCfg = Release|Any CPU
		{FAAEFD16-1D3E-4A90-82F1-7A9C657E3DE2}.Release|x86.Build.0 = Release|Any CPU
		{E438FDA4-1EC1-4445-AE7A-21A467926321}.Debug|Any CPU.ActiveCfg = Debug|Any CPU
		{E438FDA4-1EC1-4445-AE7A-21A467926321}.Debug|Any CPU.Build.0 = Debug|Any CPU
		{E438FDA4-1EC1-4445-AE7A-21A467926321}.Debug|x64.ActiveCfg = Debug|Any CPU
		{E438FDA4-1EC1-4445-AE7A-21A467926321}.Debug|x64.Build.0 = Debug|Any CPU
		{E438FDA4-1EC1-4445-AE7A-21A467926321}.Debug|x86.ActiveCfg = Debug|Any CPU
		{E438FDA4-1EC1-4445-AE7A-21A467926321}.Debug|x86.Build.0 = Debug|Any CPU
		{E438FDA4-1EC1-4445-AE7A-21A467926321}.Release|Any CPU.ActiveCfg = Release|Any CPU
		{E438FDA4-1EC1-4445-AE7A-21A467926321}.Release|Any CPU.Build.0 = Release|Any CPU
		{E438FDA4-1EC1-4445-AE7A-21A467926321}.Release|x64.ActiveCfg = Release|Any CPU
		{E438FDA4-1EC1-4445-AE7A-21A467926321}.Release|x64.Build.0 = Release|Any CPU
		{E438FDA4-1EC1-4445-AE7A-21A467926321}.Release|x86.ActiveCfg = Release|Any CPU
		{E438FDA4-1EC1-4445-AE7A-21A467926321}.Release|x86.Build.0 = Release|Any CPU
		{B5271185-13FB-45FD-B88C-1B22F8395702}.Debug|Any CPU.ActiveCfg = Debug|Any CPU
		{B5271185-13FB-45FD-B88C-1B22F8395702}.Debug|Any CPU.Build.0 = Debug|Any CPU
		{B5271185-13FB-45FD-B88C-1B22F8395702}.Debug|x64.ActiveCfg = Debug|Any CPU
		{B5271185-13FB-45FD-B88C-1B22F8395702}.Debug|x64.Build.0 = Debug|Any CPU
		{B5271185-13FB-45FD-B88C-1B22F8395702}.Debug|x86.ActiveCfg = Debug|Any CPU
		{B5271185-13FB-45FD-B88C-1B22F8395702}.Debug|x86.Build.0 = Debug|Any CPU
		{B5271185-13FB-45FD-B88C-1B22F8395702}.Release|Any CPU.ActiveCfg = Release|Any CPU
		{B5271185-13FB-45FD-B88C-1B22F8395702}.Release|Any CPU.Build.0 = Release|Any CPU
		{B5271185-13FB-45FD-B88C-1B22F8395702}.Release|x64.ActiveCfg = Release|Any CPU
		{B5271185-13FB-45FD-B88C-1B22F8395702}.Release|x64.Build.0 = Release|Any CPU
		{B5271185-13FB-45FD-B88C-1B22F8395702}.Release|x86.ActiveCfg = Release|Any CPU
		{B5271185-13FB-45FD-B88C-1B22F8395702}.Release|x86.Build.0 = Release|Any CPU
		{1AE7B25E-524F-4917-B9EB-ABC42E843AEB}.Debug|Any CPU.ActiveCfg = Debug|Any CPU
		{1AE7B25E-524F-4917-B9EB-ABC42E843AEB}.Debug|Any CPU.Build.0 = Debug|Any CPU
		{1AE7B25E-524F-4917-B9EB-ABC42E843AEB}.Debug|x64.ActiveCfg = Debug|Any CPU
		{1AE7B25E-524F-4917-B9EB-ABC42E843AEB}.Debug|x64.Build.0 = Debug|Any CPU
		{1AE7B25E-524F-4917-B9EB-ABC42E843AEB}.Debug|x86.ActiveCfg = Debug|Any CPU
		{1AE7B25E-524F-4917-B9EB-ABC42E843AEB}.Debug|x86.Build.0 = Debug|Any CPU
		{1AE7B25E-524F-4917-B9EB-ABC42E843AEB}.Release|Any CPU.ActiveCfg = Release|Any CPU
		{1AE7B25E-524F-4917-B9EB-ABC42E843AEB}.Release|Any CPU.Build.0 = Release|Any CPU
		{1AE7B25E-524F-4917-B9EB-ABC42E843AEB}.Release|x64.ActiveCfg = Release|Any CPU
		{1AE7B25E-524F-4917-B9EB-ABC42E843AEB}.Release|x64.Build.0 = Release|Any CPU
		{1AE7B25E-524F-4917-B9EB-ABC42E843AEB}.Release|x86.ActiveCfg = Release|Any CPU
		{1AE7B25E-524F-4917-B9EB-ABC42E843AEB}.Release|x86.Build.0 = Release|Any CPU
		{25D8A920-E4EA-47AA-BBB3-C65263FE00BB}.Debug|Any CPU.ActiveCfg = Debug|Any CPU
		{25D8A920-E4EA-47AA-BBB3-C65263FE00BB}.Debug|Any CPU.Build.0 = Debug|Any CPU
		{25D8A920-E4EA-47AA-BBB3-C65263FE00BB}.Debug|x64.ActiveCfg = Debug|Any CPU
		{25D8A920-E4EA-47AA-BBB3-C65263FE00BB}.Debug|x64.Build.0 = Debug|Any CPU
		{25D8A920-E4EA-47AA-BBB3-C65263FE00BB}.Debug|x86.ActiveCfg = Debug|Any CPU
		{25D8A920-E4EA-47AA-BBB3-C65263FE00BB}.Debug|x86.Build.0 = Debug|Any CPU
		{25D8A920-E4EA-47AA-BBB3-C65263FE00BB}.Release|Any CPU.ActiveCfg = Release|Any CPU
		{25D8A920-E4EA-47AA-BBB3-C65263FE00BB}.Release|Any CPU.Build.0 = Release|Any CPU
		{25D8A920-E4EA-47AA-BBB3-C65263FE00BB}.Release|x64.ActiveCfg = Release|Any CPU
		{25D8A920-E4EA-47AA-BBB3-C65263FE00BB}.Release|x64.Build.0 = Release|Any CPU
		{25D8A920-E4EA-47AA-BBB3-C65263FE00BB}.Release|x86.ActiveCfg = Release|Any CPU
		{25D8A920-E4EA-47AA-BBB3-C65263FE00BB}.Release|x86.Build.0 = Release|Any CPU
		{66F0A22C-B03E-4810-BB91-2057C6A0DBED}.Debug|Any CPU.ActiveCfg = Debug|Any CPU
		{66F0A22C-B03E-4810-BB91-2057C6A0DBED}.Debug|Any CPU.Build.0 = Debug|Any CPU
		{66F0A22C-B03E-4810-BB91-2057C6A0DBED}.Debug|x64.ActiveCfg = Debug|Any CPU
		{66F0A22C-B03E-4810-BB91-2057C6A0DBED}.Debug|x64.Build.0 = Debug|Any CPU
		{66F0A22C-B03E-4810-BB91-2057C6A0DBED}.Debug|x86.ActiveCfg = Debug|Any CPU
		{66F0A22C-B03E-4810-BB91-2057C6A0DBED}.Debug|x86.Build.0 = Debug|Any CPU
		{66F0A22C-B03E-4810-BB91-2057C6A0DBED}.Release|Any CPU.ActiveCfg = Release|Any CPU
		{66F0A22C-B03E-4810-BB91-2057C6A0DBED}.Release|Any CPU.Build.0 = Release|Any CPU
		{66F0A22C-B03E-4810-BB91-2057C6A0DBED}.Release|x64.ActiveCfg = Release|Any CPU
		{66F0A22C-B03E-4810-BB91-2057C6A0DBED}.Release|x64.Build.0 = Release|Any CPU
		{66F0A22C-B03E-4810-BB91-2057C6A0DBED}.Release|x86.ActiveCfg = Release|Any CPU
		{66F0A22C-B03E-4810-BB91-2057C6A0DBED}.Release|x86.Build.0 = Release|Any CPU
		{B5D5FBC3-7035-40C5-9B5D-EB7F0B3600F4}.Debug|Any CPU.ActiveCfg = Debug|Any CPU
		{B5D5FBC3-7035-40C5-9B5D-EB7F0B3600F4}.Debug|Any CPU.Build.0 = Debug|Any CPU
		{B5D5FBC3-7035-40C5-9B5D-EB7F0B3600F4}.Debug|x64.ActiveCfg = Debug|Any CPU
		{B5D5FBC3-7035-40C5-9B5D-EB7F0B3600F4}.Debug|x64.Build.0 = Debug|Any CPU
		{B5D5FBC3-7035-40C5-9B5D-EB7F0B3600F4}.Debug|x86.ActiveCfg = Debug|Any CPU
		{B5D5FBC3-7035-40C5-9B5D-EB7F0B3600F4}.Debug|x86.Build.0 = Debug|Any CPU
		{B5D5FBC3-7035-40C5-9B5D-EB7F0B3600F4}.Release|Any CPU.ActiveCfg = Release|Any CPU
		{B5D5FBC3-7035-40C5-9B5D-EB7F0B3600F4}.Release|Any CPU.Build.0 = Release|Any CPU
		{B5D5FBC3-7035-40C5-9B5D-EB7F0B3600F4}.Release|x64.ActiveCfg = Release|Any CPU
		{B5D5FBC3-7035-40C5-9B5D-EB7F0B3600F4}.Release|x64.Build.0 = Release|Any CPU
		{B5D5FBC3-7035-40C5-9B5D-EB7F0B3600F4}.Release|x86.ActiveCfg = Release|Any CPU
		{B5D5FBC3-7035-40C5-9B5D-EB7F0B3600F4}.Release|x86.Build.0 = Release|Any CPU
		{2EFC932F-8336-40C0-BEA6-23D78D95F817}.Debug|Any CPU.ActiveCfg = Debug|Any CPU
		{2EFC932F-8336-40C0-BEA6-23D78D95F817}.Debug|Any CPU.Build.0 = Debug|Any CPU
		{2EFC932F-8336-40C0-BEA6-23D78D95F817}.Debug|x64.ActiveCfg = Debug|Any CPU
		{2EFC932F-8336-40C0-BEA6-23D78D95F817}.Debug|x64.Build.0 = Debug|Any CPU
		{2EFC932F-8336-40C0-BEA6-23D78D95F817}.Debug|x86.ActiveCfg = Debug|Any CPU
		{2EFC932F-8336-40C0-BEA6-23D78D95F817}.Debug|x86.Build.0 = Debug|Any CPU
		{2EFC932F-8336-40C0-BEA6-23D78D95F817}.Release|Any CPU.ActiveCfg = Release|Any CPU
		{2EFC932F-8336-40C0-BEA6-23D78D95F817}.Release|Any CPU.Build.0 = Release|Any CPU
		{2EFC932F-8336-40C0-BEA6-23D78D95F817}.Release|x64.ActiveCfg = Release|Any CPU
		{2EFC932F-8336-40C0-BEA6-23D78D95F817}.Release|x64.Build.0 = Release|Any CPU
		{2EFC932F-8336-40C0-BEA6-23D78D95F817}.Release|x86.ActiveCfg = Release|Any CPU
		{2EFC932F-8336-40C0-BEA6-23D78D95F817}.Release|x86.Build.0 = Release|Any CPU
		{FD2696CE-4A43-4796-8F8F-B06402F71A1B}.Debug|Any CPU.ActiveCfg = Debug|Any CPU
		{FD2696CE-4A43-4796-8F8F-B06402F71A1B}.Debug|Any CPU.Build.0 = Debug|Any CPU
		{FD2696CE-4A43-4796-8F8F-B06402F71A1B}.Debug|x64.ActiveCfg = Debug|Any CPU
		{FD2696CE-4A43-4796-8F8F-B06402F71A1B}.Debug|x64.Build.0 = Debug|Any CPU
		{FD2696CE-4A43-4796-8F8F-B06402F71A1B}.Debug|x86.ActiveCfg = Debug|Any CPU
		{FD2696CE-4A43-4796-8F8F-B06402F71A1B}.Debug|x86.Build.0 = Debug|Any CPU
		{FD2696CE-4A43-4796-8F8F-B06402F71A1B}.Release|Any CPU.ActiveCfg = Release|Any CPU
		{FD2696CE-4A43-4796-8F8F-B06402F71A1B}.Release|Any CPU.Build.0 = Release|Any CPU
		{FD2696CE-4A43-4796-8F8F-B06402F71A1B}.Release|x64.ActiveCfg = Release|Any CPU
		{FD2696CE-4A43-4796-8F8F-B06402F71A1B}.Release|x64.Build.0 = Release|Any CPU
		{FD2696CE-4A43-4796-8F8F-B06402F71A1B}.Release|x86.ActiveCfg = Release|Any CPU
		{FD2696CE-4A43-4796-8F8F-B06402F71A1B}.Release|x86.Build.0 = Release|Any CPU
		{6479CDE4-35EF-40AC-82BD-FE332DCFD407}.Debug|Any CPU.ActiveCfg = Debug|Any CPU
		{6479CDE4-35EF-40AC-82BD-FE332DCFD407}.Debug|Any CPU.Build.0 = Debug|Any CPU
		{6479CDE4-35EF-40AC-82BD-FE332DCFD407}.Debug|x64.ActiveCfg = Debug|Any CPU
		{6479CDE4-35EF-40AC-82BD-FE332DCFD407}.Debug|x64.Build.0 = Debug|Any CPU
		{6479CDE4-35EF-40AC-82BD-FE332DCFD407}.Debug|x86.ActiveCfg = Debug|Any CPU
		{6479CDE4-35EF-40AC-82BD-FE332DCFD407}.Debug|x86.Build.0 = Debug|Any CPU
		{6479CDE4-35EF-40AC-82BD-FE332DCFD407}.Release|Any CPU.ActiveCfg = Release|Any CPU
		{6479CDE4-35EF-40AC-82BD-FE332DCFD407}.Release|Any CPU.Build.0 = Release|Any CPU
		{6479CDE4-35EF-40AC-82BD-FE332DCFD407}.Release|x64.ActiveCfg = Release|Any CPU
		{6479CDE4-35EF-40AC-82BD-FE332DCFD407}.Release|x64.Build.0 = Release|Any CPU
		{6479CDE4-35EF-40AC-82BD-FE332DCFD407}.Release|x86.ActiveCfg = Release|Any CPU
		{6479CDE4-35EF-40AC-82BD-FE332DCFD407}.Release|x86.Build.0 = Release|Any CPU
		{0DFEF5D7-C652-4186-BC7A-27D185A5CF56}.Debug|Any CPU.ActiveCfg = Debug|Any CPU
		{0DFEF5D7-C652-4186-BC7A-27D185A5CF56}.Debug|Any CPU.Build.0 = Debug|Any CPU
		{0DFEF5D7-C652-4186-BC7A-27D185A5CF56}.Debug|x64.ActiveCfg = Debug|Any CPU
		{0DFEF5D7-C652-4186-BC7A-27D185A5CF56}.Debug|x64.Build.0 = Debug|Any CPU
		{0DFEF5D7-C652-4186-BC7A-27D185A5CF56}.Debug|x86.ActiveCfg = Debug|Any CPU
		{0DFEF5D7-C652-4186-BC7A-27D185A5CF56}.Debug|x86.Build.0 = Debug|Any CPU
		{0DFEF5D7-C652-4186-BC7A-27D185A5CF56}.Release|Any CPU.ActiveCfg = Release|Any CPU
		{0DFEF5D7-C652-4186-BC7A-27D185A5CF56}.Release|Any CPU.Build.0 = Release|Any CPU
		{0DFEF5D7-C652-4186-BC7A-27D185A5CF56}.Release|x64.ActiveCfg = Release|Any CPU
		{0DFEF5D7-C652-4186-BC7A-27D185A5CF56}.Release|x64.Build.0 = Release|Any CPU
		{0DFEF5D7-C652-4186-BC7A-27D185A5CF56}.Release|x86.ActiveCfg = Release|Any CPU
		{0DFEF5D7-C652-4186-BC7A-27D185A5CF56}.Release|x86.Build.0 = Release|Any CPU
		{7A5C8CDA-2CF8-46E1-88F6-563C25BC6E24}.Debug|Any CPU.ActiveCfg = Debug|Any CPU
		{7A5C8CDA-2CF8-46E1-88F6-563C25BC6E24}.Debug|Any CPU.Build.0 = Debug|Any CPU
		{7A5C8CDA-2CF8-46E1-88F6-563C25BC6E24}.Debug|x64.ActiveCfg = Debug|Any CPU
		{7A5C8CDA-2CF8-46E1-88F6-563C25BC6E24}.Debug|x64.Build.0 = Debug|Any CPU
		{7A5C8CDA-2CF8-46E1-88F6-563C25BC6E24}.Debug|x86.ActiveCfg = Debug|Any CPU
		{7A5C8CDA-2CF8-46E1-88F6-563C25BC6E24}.Debug|x86.Build.0 = Debug|Any CPU
		{7A5C8CDA-2CF8-46E1-88F6-563C25BC6E24}.Release|Any CPU.ActiveCfg = Release|Any CPU
		{7A5C8CDA-2CF8-46E1-88F6-563C25BC6E24}.Release|Any CPU.Build.0 = Release|Any CPU
		{7A5C8CDA-2CF8-46E1-88F6-563C25BC6E24}.Release|x64.ActiveCfg = Release|Any CPU
		{7A5C8CDA-2CF8-46E1-88F6-563C25BC6E24}.Release|x64.Build.0 = Release|Any CPU
		{7A5C8CDA-2CF8-46E1-88F6-563C25BC6E24}.Release|x86.ActiveCfg = Release|Any CPU
		{7A5C8CDA-2CF8-46E1-88F6-563C25BC6E24}.Release|x86.Build.0 = Release|Any CPU
		{D1E7DA47-C031-4E58-A154-C0FC908EC846}.Debug|Any CPU.ActiveCfg = Debug|Any CPU
		{D1E7DA47-C031-4E58-A154-C0FC908EC846}.Debug|Any CPU.Build.0 = Debug|Any CPU
		{D1E7DA47-C031-4E58-A154-C0FC908EC846}.Debug|x64.ActiveCfg = Debug|Any CPU
		{D1E7DA47-C031-4E58-A154-C0FC908EC846}.Debug|x64.Build.0 = Debug|Any CPU
		{D1E7DA47-C031-4E58-A154-C0FC908EC846}.Debug|x86.ActiveCfg = Debug|Any CPU
		{D1E7DA47-C031-4E58-A154-C0FC908EC846}.Debug|x86.Build.0 = Debug|Any CPU
		{D1E7DA47-C031-4E58-A154-C0FC908EC846}.Release|Any CPU.ActiveCfg = Release|Any CPU
		{D1E7DA47-C031-4E58-A154-C0FC908EC846}.Release|Any CPU.Build.0 = Release|Any CPU
		{D1E7DA47-C031-4E58-A154-C0FC908EC846}.Release|x64.ActiveCfg = Release|Any CPU
		{D1E7DA47-C031-4E58-A154-C0FC908EC846}.Release|x64.Build.0 = Release|Any CPU
		{D1E7DA47-C031-4E58-A154-C0FC908EC846}.Release|x86.ActiveCfg = Release|Any CPU
		{D1E7DA47-C031-4E58-A154-C0FC908EC846}.Release|x86.Build.0 = Release|Any CPU
		{CF32752B-CCFE-42F2-8F27-CB0A545BB527}.Debug|Any CPU.ActiveCfg = Debug|Any CPU
		{CF32752B-CCFE-42F2-8F27-CB0A545BB527}.Debug|Any CPU.Build.0 = Debug|Any CPU
		{CF32752B-CCFE-42F2-8F27-CB0A545BB527}.Debug|x64.ActiveCfg = Debug|Any CPU
		{CF32752B-CCFE-42F2-8F27-CB0A545BB527}.Debug|x64.Build.0 = Debug|Any CPU
		{CF32752B-CCFE-42F2-8F27-CB0A545BB527}.Debug|x86.ActiveCfg = Debug|Any CPU
		{CF32752B-CCFE-42F2-8F27-CB0A545BB527}.Debug|x86.Build.0 = Debug|Any CPU
		{CF32752B-CCFE-42F2-8F27-CB0A545BB527}.Release|Any CPU.ActiveCfg = Release|Any CPU
		{CF32752B-CCFE-42F2-8F27-CB0A545BB527}.Release|Any CPU.Build.0 = Release|Any CPU
		{CF32752B-CCFE-42F2-8F27-CB0A545BB527}.Release|x64.ActiveCfg = Release|Any CPU
		{CF32752B-CCFE-42F2-8F27-CB0A545BB527}.Release|x64.Build.0 = Release|Any CPU
		{CF32752B-CCFE-42F2-8F27-CB0A545BB527}.Release|x86.ActiveCfg = Release|Any CPU
		{CF32752B-CCFE-42F2-8F27-CB0A545BB527}.Release|x86.Build.0 = Release|Any CPU
		{D75D7421-882A-4A21-869E-A5360781C572}.Debug|Any CPU.ActiveCfg = Debug|Any CPU
		{D75D7421-882A-4A21-869E-A5360781C572}.Debug|Any CPU.Build.0 = Debug|Any CPU
		{D75D7421-882A-4A21-869E-A5360781C572}.Debug|x64.ActiveCfg = Debug|Any CPU
		{D75D7421-882A-4A21-869E-A5360781C572}.Debug|x64.Build.0 = Debug|Any CPU
		{D75D7421-882A-4A21-869E-A5360781C572}.Debug|x86.ActiveCfg = Debug|Any CPU
		{D75D7421-882A-4A21-869E-A5360781C572}.Debug|x86.Build.0 = Debug|Any CPU
		{D75D7421-882A-4A21-869E-A5360781C572}.Release|Any CPU.ActiveCfg = Release|Any CPU
		{D75D7421-882A-4A21-869E-A5360781C572}.Release|Any CPU.Build.0 = Release|Any CPU
		{D75D7421-882A-4A21-869E-A5360781C572}.Release|x64.ActiveCfg = Release|Any CPU
		{D75D7421-882A-4A21-869E-A5360781C572}.Release|x64.Build.0 = Release|Any CPU
		{D75D7421-882A-4A21-869E-A5360781C572}.Release|x86.ActiveCfg = Release|Any CPU
		{D75D7421-882A-4A21-869E-A5360781C572}.Release|x86.Build.0 = Release|Any CPU
		{E789B8B0-1F98-411E-9E0D-DB2CD667AA3C}.Debug|Any CPU.ActiveCfg = Debug|Any CPU
		{E789B8B0-1F98-411E-9E0D-DB2CD667AA3C}.Debug|Any CPU.Build.0 = Debug|Any CPU
		{E789B8B0-1F98-411E-9E0D-DB2CD667AA3C}.Debug|x64.ActiveCfg = Debug|Any CPU
		{E789B8B0-1F98-411E-9E0D-DB2CD667AA3C}.Debug|x64.Build.0 = Debug|Any CPU
		{E789B8B0-1F98-411E-9E0D-DB2CD667AA3C}.Debug|x86.ActiveCfg = Debug|Any CPU
		{E789B8B0-1F98-411E-9E0D-DB2CD667AA3C}.Debug|x86.Build.0 = Debug|Any CPU
		{E789B8B0-1F98-411E-9E0D-DB2CD667AA3C}.Release|Any CPU.ActiveCfg = Release|Any CPU
		{E789B8B0-1F98-411E-9E0D-DB2CD667AA3C}.Release|Any CPU.Build.0 = Release|Any CPU
		{E789B8B0-1F98-411E-9E0D-DB2CD667AA3C}.Release|x64.ActiveCfg = Release|Any CPU
		{E789B8B0-1F98-411E-9E0D-DB2CD667AA3C}.Release|x64.Build.0 = Release|Any CPU
		{E789B8B0-1F98-411E-9E0D-DB2CD667AA3C}.Release|x86.ActiveCfg = Release|Any CPU
		{E789B8B0-1F98-411E-9E0D-DB2CD667AA3C}.Release|x86.Build.0 = Release|Any CPU
		{8E9C198A-5134-4F2E-943E-7E772DE820EB}.Debug|Any CPU.ActiveCfg = Debug|Any CPU
		{8E9C198A-5134-4F2E-943E-7E772DE820EB}.Debug|Any CPU.Build.0 = Debug|Any CPU
		{8E9C198A-5134-4F2E-943E-7E772DE820EB}.Debug|x64.ActiveCfg = Debug|Any CPU
		{8E9C198A-5134-4F2E-943E-7E772DE820EB}.Debug|x64.Build.0 = Debug|Any CPU
		{8E9C198A-5134-4F2E-943E-7E772DE820EB}.Debug|x86.ActiveCfg = Debug|Any CPU
		{8E9C198A-5134-4F2E-943E-7E772DE820EB}.Debug|x86.Build.0 = Debug|Any CPU
		{8E9C198A-5134-4F2E-943E-7E772DE820EB}.Release|Any CPU.ActiveCfg = Release|Any CPU
		{8E9C198A-5134-4F2E-943E-7E772DE820EB}.Release|Any CPU.Build.0 = Release|Any CPU
		{8E9C198A-5134-4F2E-943E-7E772DE820EB}.Release|x64.ActiveCfg = Release|Any CPU
		{8E9C198A-5134-4F2E-943E-7E772DE820EB}.Release|x64.Build.0 = Release|Any CPU
		{8E9C198A-5134-4F2E-943E-7E772DE820EB}.Release|x86.ActiveCfg = Release|Any CPU
		{8E9C198A-5134-4F2E-943E-7E772DE820EB}.Release|x86.Build.0 = Release|Any CPU
		{095180EB-B11F-412C-9A8B-91922D05D212}.Debug|Any CPU.ActiveCfg = Debug|Any CPU
		{095180EB-B11F-412C-9A8B-91922D05D212}.Debug|Any CPU.Build.0 = Debug|Any CPU
		{095180EB-B11F-412C-9A8B-91922D05D212}.Debug|x64.ActiveCfg = Debug|Any CPU
		{095180EB-B11F-412C-9A8B-91922D05D212}.Debug|x64.Build.0 = Debug|Any CPU
		{095180EB-B11F-412C-9A8B-91922D05D212}.Debug|x86.ActiveCfg = Debug|Any CPU
		{095180EB-B11F-412C-9A8B-91922D05D212}.Debug|x86.Build.0 = Debug|Any CPU
		{095180EB-B11F-412C-9A8B-91922D05D212}.Release|Any CPU.ActiveCfg = Release|Any CPU
		{095180EB-B11F-412C-9A8B-91922D05D212}.Release|Any CPU.Build.0 = Release|Any CPU
		{095180EB-B11F-412C-9A8B-91922D05D212}.Release|x64.ActiveCfg = Release|Any CPU
		{095180EB-B11F-412C-9A8B-91922D05D212}.Release|x64.Build.0 = Release|Any CPU
		{095180EB-B11F-412C-9A8B-91922D05D212}.Release|x86.ActiveCfg = Release|Any CPU
		{095180EB-B11F-412C-9A8B-91922D05D212}.Release|x86.Build.0 = Release|Any CPU
		{969A83EA-1C76-4C0B-8815-DE083CF75A9F}.Debug|Any CPU.ActiveCfg = Debug|Any CPU
		{969A83EA-1C76-4C0B-8815-DE083CF75A9F}.Debug|Any CPU.Build.0 = Debug|Any CPU
		{969A83EA-1C76-4C0B-8815-DE083CF75A9F}.Debug|x64.ActiveCfg = Debug|Any CPU
		{969A83EA-1C76-4C0B-8815-DE083CF75A9F}.Debug|x64.Build.0 = Debug|Any CPU
		{969A83EA-1C76-4C0B-8815-DE083CF75A9F}.Debug|x86.ActiveCfg = Debug|Any CPU
		{969A83EA-1C76-4C0B-8815-DE083CF75A9F}.Debug|x86.Build.0 = Debug|Any CPU
		{969A83EA-1C76-4C0B-8815-DE083CF75A9F}.Release|Any CPU.ActiveCfg = Release|Any CPU
		{969A83EA-1C76-4C0B-8815-DE083CF75A9F}.Release|Any CPU.Build.0 = Release|Any CPU
		{969A83EA-1C76-4C0B-8815-DE083CF75A9F}.Release|x64.ActiveCfg = Release|Any CPU
		{969A83EA-1C76-4C0B-8815-DE083CF75A9F}.Release|x64.Build.0 = Release|Any CPU
		{969A83EA-1C76-4C0B-8815-DE083CF75A9F}.Release|x86.ActiveCfg = Release|Any CPU
		{969A83EA-1C76-4C0B-8815-DE083CF75A9F}.Release|x86.Build.0 = Release|Any CPU
		{BC00D5A3-C43B-4545-B100-8C51C38E9663}.Debug|Any CPU.ActiveCfg = Debug|Any CPU
		{BC00D5A3-C43B-4545-B100-8C51C38E9663}.Debug|Any CPU.Build.0 = Debug|Any CPU
		{BC00D5A3-C43B-4545-B100-8C51C38E9663}.Debug|x64.ActiveCfg = Debug|Any CPU
		{BC00D5A3-C43B-4545-B100-8C51C38E9663}.Debug|x64.Build.0 = Debug|Any CPU
		{BC00D5A3-C43B-4545-B100-8C51C38E9663}.Debug|x86.ActiveCfg = Debug|Any CPU
		{BC00D5A3-C43B-4545-B100-8C51C38E9663}.Debug|x86.Build.0 = Debug|Any CPU
		{BC00D5A3-C43B-4545-B100-8C51C38E9663}.Release|Any CPU.ActiveCfg = Release|Any CPU
		{BC00D5A3-C43B-4545-B100-8C51C38E9663}.Release|Any CPU.Build.0 = Release|Any CPU
		{BC00D5A3-C43B-4545-B100-8C51C38E9663}.Release|x64.ActiveCfg = Release|Any CPU
		{BC00D5A3-C43B-4545-B100-8C51C38E9663}.Release|x64.Build.0 = Release|Any CPU
		{BC00D5A3-C43B-4545-B100-8C51C38E9663}.Release|x86.ActiveCfg = Release|Any CPU
		{BC00D5A3-C43B-4545-B100-8C51C38E9663}.Release|x86.Build.0 = Release|Any CPU
		{16E368DB-1C20-4C21-AD5D-433A419EFBA9}.Debug|Any CPU.ActiveCfg = Debug|Any CPU
		{16E368DB-1C20-4C21-AD5D-433A419EFBA9}.Debug|Any CPU.Build.0 = Debug|Any CPU
		{16E368DB-1C20-4C21-AD5D-433A419EFBA9}.Debug|x64.ActiveCfg = Debug|Any CPU
		{16E368DB-1C20-4C21-AD5D-433A419EFBA9}.Debug|x64.Build.0 = Debug|Any CPU
		{16E368DB-1C20-4C21-AD5D-433A419EFBA9}.Debug|x86.ActiveCfg = Debug|Any CPU
		{16E368DB-1C20-4C21-AD5D-433A419EFBA9}.Debug|x86.Build.0 = Debug|Any CPU
		{16E368DB-1C20-4C21-AD5D-433A419EFBA9}.Release|Any CPU.ActiveCfg = Release|Any CPU
		{16E368DB-1C20-4C21-AD5D-433A419EFBA9}.Release|Any CPU.Build.0 = Release|Any CPU
		{16E368DB-1C20-4C21-AD5D-433A419EFBA9}.Release|x64.ActiveCfg = Release|Any CPU
		{16E368DB-1C20-4C21-AD5D-433A419EFBA9}.Release|x64.Build.0 = Release|Any CPU
		{16E368DB-1C20-4C21-AD5D-433A419EFBA9}.Release|x86.ActiveCfg = Release|Any CPU
		{16E368DB-1C20-4C21-AD5D-433A419EFBA9}.Release|x86.Build.0 = Release|Any CPU
		{5A5A1853-ED44-46AD-98B3-5E1C8849820A}.Debug|Any CPU.ActiveCfg = Debug|Any CPU
		{5A5A1853-ED44-46AD-98B3-5E1C8849820A}.Debug|Any CPU.Build.0 = Debug|Any CPU
		{5A5A1853-ED44-46AD-98B3-5E1C8849820A}.Debug|x64.ActiveCfg = Debug|Any CPU
		{5A5A1853-ED44-46AD-98B3-5E1C8849820A}.Debug|x64.Build.0 = Debug|Any CPU
		{5A5A1853-ED44-46AD-98B3-5E1C8849820A}.Debug|x86.ActiveCfg = Debug|Any CPU
		{5A5A1853-ED44-46AD-98B3-5E1C8849820A}.Debug|x86.Build.0 = Debug|Any CPU
		{5A5A1853-ED44-46AD-98B3-5E1C8849820A}.Release|Any CPU.ActiveCfg = Release|Any CPU
		{5A5A1853-ED44-46AD-98B3-5E1C8849820A}.Release|Any CPU.Build.0 = Release|Any CPU
		{5A5A1853-ED44-46AD-98B3-5E1C8849820A}.Release|x64.ActiveCfg = Release|Any CPU
		{5A5A1853-ED44-46AD-98B3-5E1C8849820A}.Release|x64.Build.0 = Release|Any CPU
		{5A5A1853-ED44-46AD-98B3-5E1C8849820A}.Release|x86.ActiveCfg = Release|Any CPU
		{5A5A1853-ED44-46AD-98B3-5E1C8849820A}.Release|x86.Build.0 = Release|Any CPU
		{3BF50837-5E5F-4223-B975-D8AA3EA5C72E}.Debug|Any CPU.ActiveCfg = Debug|Any CPU
		{3BF50837-5E5F-4223-B975-D8AA3EA5C72E}.Debug|Any CPU.Build.0 = Debug|Any CPU
		{3BF50837-5E5F-4223-B975-D8AA3EA5C72E}.Debug|x64.ActiveCfg = Debug|Any CPU
		{3BF50837-5E5F-4223-B975-D8AA3EA5C72E}.Debug|x64.Build.0 = Debug|Any CPU
		{3BF50837-5E5F-4223-B975-D8AA3EA5C72E}.Debug|x86.ActiveCfg = Debug|Any CPU
		{3BF50837-5E5F-4223-B975-D8AA3EA5C72E}.Debug|x86.Build.0 = Debug|Any CPU
		{3BF50837-5E5F-4223-B975-D8AA3EA5C72E}.Release|Any CPU.ActiveCfg = Release|Any CPU
		{3BF50837-5E5F-4223-B975-D8AA3EA5C72E}.Release|Any CPU.Build.0 = Release|Any CPU
		{3BF50837-5E5F-4223-B975-D8AA3EA5C72E}.Release|x64.ActiveCfg = Release|Any CPU
		{3BF50837-5E5F-4223-B975-D8AA3EA5C72E}.Release|x64.Build.0 = Release|Any CPU
		{3BF50837-5E5F-4223-B975-D8AA3EA5C72E}.Release|x86.ActiveCfg = Release|Any CPU
		{3BF50837-5E5F-4223-B975-D8AA3EA5C72E}.Release|x86.Build.0 = Release|Any CPU
		{8F819F0C-58C7-422A-A94D-40A0B74E778A}.Debug|Any CPU.ActiveCfg = Debug|Any CPU
		{8F819F0C-58C7-422A-A94D-40A0B74E778A}.Debug|Any CPU.Build.0 = Debug|Any CPU
		{8F819F0C-58C7-422A-A94D-40A0B74E778A}.Debug|x64.ActiveCfg = Debug|Any CPU
		{8F819F0C-58C7-422A-A94D-40A0B74E778A}.Debug|x64.Build.0 = Debug|Any CPU
		{8F819F0C-58C7-422A-A94D-40A0B74E778A}.Debug|x86.ActiveCfg = Debug|Any CPU
		{8F819F0C-58C7-422A-A94D-40A0B74E778A}.Debug|x86.Build.0 = Debug|Any CPU
		{8F819F0C-58C7-422A-A94D-40A0B74E778A}.Release|Any CPU.ActiveCfg = Release|Any CPU
		{8F819F0C-58C7-422A-A94D-40A0B74E778A}.Release|Any CPU.Build.0 = Release|Any CPU
		{8F819F0C-58C7-422A-A94D-40A0B74E778A}.Release|x64.ActiveCfg = Release|Any CPU
		{8F819F0C-58C7-422A-A94D-40A0B74E778A}.Release|x64.Build.0 = Release|Any CPU
		{8F819F0C-58C7-422A-A94D-40A0B74E778A}.Release|x86.ActiveCfg = Release|Any CPU
		{8F819F0C-58C7-422A-A94D-40A0B74E778A}.Release|x86.Build.0 = Release|Any CPU
		{DC6A3278-B4D8-49FB-8426-2EEA806F3B68}.Debug|Any CPU.ActiveCfg = Debug|Any CPU
		{DC6A3278-B4D8-49FB-8426-2EEA806F3B68}.Debug|Any CPU.Build.0 = Debug|Any CPU
		{DC6A3278-B4D8-49FB-8426-2EEA806F3B68}.Debug|x64.ActiveCfg = Debug|Any CPU
		{DC6A3278-B4D8-49FB-8426-2EEA806F3B68}.Debug|x64.Build.0 = Debug|Any CPU
		{DC6A3278-B4D8-49FB-8426-2EEA806F3B68}.Debug|x86.ActiveCfg = Debug|Any CPU
		{DC6A3278-B4D8-49FB-8426-2EEA806F3B68}.Debug|x86.Build.0 = Debug|Any CPU
		{DC6A3278-B4D8-49FB-8426-2EEA806F3B68}.Release|Any CPU.ActiveCfg = Release|Any CPU
		{DC6A3278-B4D8-49FB-8426-2EEA806F3B68}.Release|Any CPU.Build.0 = Release|Any CPU
		{DC6A3278-B4D8-49FB-8426-2EEA806F3B68}.Release|x64.ActiveCfg = Release|Any CPU
		{DC6A3278-B4D8-49FB-8426-2EEA806F3B68}.Release|x64.Build.0 = Release|Any CPU
		{DC6A3278-B4D8-49FB-8426-2EEA806F3B68}.Release|x86.ActiveCfg = Release|Any CPU
		{DC6A3278-B4D8-49FB-8426-2EEA806F3B68}.Release|x86.Build.0 = Release|Any CPU
	EndGlobalSection
	GlobalSection(SolutionProperties) = preSolution
		HideSolutionNode = FALSE
	EndGlobalSection
	GlobalSection(NestedProjects) = preSolution
		{0D2B9240-5900-42BD-919F-3118395EBE33} = {0AB3BF05-4346-4AA6-1389-037BE0695223}
		{6F63A108-D5DE-43B7-A35A-A7208C05FFB1} = {4F52FD11-658E-A102-6CD3-7D7C16FFA15B}
		{2EFDE85A-2AC8-482A-B418-6326841D8E74} = {0AB3BF05-4346-4AA6-1389-037BE0695223}
		{D72570C9-C41A-4DF3-8E08-D9660F904660} = {827E0CD3-B72D-47B6-A68D-7590B98EB39B}
		{EDAE66F2-DC5F-4B56-8AEB-2CDC53172814} = {4F52FD11-658E-A102-6CD3-7D7C16FFA15B}
		{2BE110F4-F87F-4514-954D-6E1619850C2E} = {4F52FD11-658E-A102-6CD3-7D7C16FFA15B}
		{F563E7EA-7032-4528-B6B2-46FF50ABF9F1} = {4F52FD11-658E-A102-6CD3-7D7C16FFA15B}
		{3AD5AFFF-D9E6-413F-AE5E-DD75767EE130} = {4F52FD11-658E-A102-6CD3-7D7C16FFA15B}
		{5D7F828D-E129-42C7-9094-854C9C270BF7} = {CA253913-39DE-BFD0-C9A3-4B7EC6FBDF17}
		{FC44B32D-BE72-476C-A8D0-08939B723201} = {0AB3BF05-4346-4AA6-1389-037BE0695223}
		{B21D437A-A95F-4580-A04B-1BCD51820362} = {CA253913-39DE-BFD0-C9A3-4B7EC6FBDF17}
		{C680DC26-0A19-4308-8B24-A13B0ACEF225} = {CA253913-39DE-BFD0-C9A3-4B7EC6FBDF17}
		{248D0440-12A5-44F1-8664-819F16C12232} = {CA253913-39DE-BFD0-C9A3-4B7EC6FBDF17}
		{9AD3AA09-C201-4281-B280-E1821765A5DB} = {CA253913-39DE-BFD0-C9A3-4B7EC6FBDF17}
		{63ABD148-C81D-452E-A0FD-7E630880880E} = {0AB3BF05-4346-4AA6-1389-037BE0695223}
		{2F045906-78F2-469B-94C6-B53275BB4CF4} = {CA253913-39DE-BFD0-C9A3-4B7EC6FBDF17}
		{E3A79C1D-F9C2-431A-9451-20FD3B2E18DE} = {CA253913-39DE-BFD0-C9A3-4B7EC6FBDF17}
		{A86C9792-FE46-42B5-9D0A-D5B4EB95D975} = {CA253913-39DE-BFD0-C9A3-4B7EC6FBDF17}
		{4DFEAF0F-9848-4B4B-8553-73251A2402EB} = {4F52FD11-658E-A102-6CD3-7D7C16FFA15B}
		{5591D6E3-4DB3-44D7-B12B-864AA42DFE07} = {CA253913-39DE-BFD0-C9A3-4B7EC6FBDF17}
		{F35F3FF9-BCEF-42D7-817E-F8E444F5A774} = {0AB3BF05-4346-4AA6-1389-037BE0695223}
		{BA88A1DD-52C3-4E64-A0DA-15B954A2DA92} = {CA253913-39DE-BFD0-C9A3-4B7EC6FBDF17}
		{76219954-2209-4A41-AB97-288C5D3F0541} = {CA253913-39DE-BFD0-C9A3-4B7EC6FBDF17}
		{19FA9E53-E33A-4DE6-9F84-B09BA21711E8} = {CA253913-39DE-BFD0-C9A3-4B7EC6FBDF17}
		{C191D659-8253-483E-8F19-57EB2A612FAB} = {CA253913-39DE-BFD0-C9A3-4B7EC6FBDF17}
		{3836A072-F4CC-4DD0-B0B6-0EB8F068E088} = {CA253913-39DE-BFD0-C9A3-4B7EC6FBDF17}
		{351D3E2A-1FD6-4101-877B-3B8710363350} = {CA253913-39DE-BFD0-C9A3-4B7EC6FBDF17}
		{F1AD827A-E04C-4A0A-ACAF-B26A781C84A7} = {0AB3BF05-4346-4AA6-1389-037BE0695223}
		{689CFA21-A3B9-417B-BE86-058242EE701B} = {CA253913-39DE-BFD0-C9A3-4B7EC6FBDF17}
		{F30899EE-B186-4988-9EE1-51FAB8E5E9DE} = {CA253913-39DE-BFD0-C9A3-4B7EC6FBDF17}
		{BF545D8E-436E-4D16-9917-E5C551E21B82} = {CA253913-39DE-BFD0-C9A3-4B7EC6FBDF17}
		{2539D3E4-8157-4FDC-8309-8171F61FEF76} = {0AB3BF05-4346-4AA6-1389-037BE0695223}
		{5E5F52DA-06CE-4BE9-87B1-48D43D0F7006} = {827E0CD3-B72D-47B6-A68D-7590B98EB39B}
		{BCC2EAEA-4CB5-4BDF-9DE7-EE5E91FE45A1} = {CA253913-39DE-BFD0-C9A3-4B7EC6FBDF17}
		{C3C46489-B594-418F-88E6-A388D228EBC5} = {CA253913-39DE-BFD0-C9A3-4B7EC6FBDF17}
		{2070B847-FFA1-4955-87D9-3B6E90F8F6E1} = {CA253913-39DE-BFD0-C9A3-4B7EC6FBDF17}
		{FAAEFD16-1D3E-4A90-82F1-7A9C657E3DE2} = {0AB3BF05-4346-4AA6-1389-037BE0695223}
		{E438FDA4-1EC1-4445-AE7A-21A467926321} = {CA253913-39DE-BFD0-C9A3-4B7EC6FBDF17}
		{6369E6CD-2A9A-7694-BDE4-74E752A16237} = {5D20AA90-6969-D8BD-9DCD-8634F4692FDA}
		{B5271185-13FB-45FD-B88C-1B22F8395702} = {6369E6CD-2A9A-7694-BDE4-74E752A16237}
		{1AE7B25E-524F-4917-B9EB-ABC42E843AEB} = {827E0CD3-B72D-47B6-A68D-7590B98EB39B}
		{25D8A920-E4EA-47AA-BBB3-C65263FE00BB} = {CA253913-39DE-BFD0-C9A3-4B7EC6FBDF17}
		{66F0A22C-B03E-4810-BB91-2057C6A0DBED} = {0AB3BF05-4346-4AA6-1389-037BE0695223}
		{B5D5FBC3-7035-40C5-9B5D-EB7F0B3600F4} = {0AB3BF05-4346-4AA6-1389-037BE0695223}
		{6F92997E-9639-68BD-D436-140BDF803C0E} = {5D20AA90-6969-D8BD-9DCD-8634F4692FDA}
		{2EFC932F-8336-40C0-BEA6-23D78D95F817} = {6F92997E-9639-68BD-D436-140BDF803C0E}
		{FD2696CE-4A43-4796-8F8F-B06402F71A1B} = {6F92997E-9639-68BD-D436-140BDF803C0E}
		{6479CDE4-35EF-40AC-82BD-FE332DCFD407} = {6F92997E-9639-68BD-D436-140BDF803C0E}
		{0DFEF5D7-C652-4186-BC7A-27D185A5CF56} = {0AB3BF05-4346-4AA6-1389-037BE0695223}
		{7A5C8CDA-2CF8-46E1-88F6-563C25BC6E24} = {07C2787E-EAC7-C090-1BA3-A61EC2A24D84}
		{D1E7DA47-C031-4E58-A154-C0FC908EC846} = {0AB3BF05-4346-4AA6-1389-037BE0695223}
		{CF32752B-CCFE-42F2-8F27-CB0A545BB527} = {CA253913-39DE-BFD0-C9A3-4B7EC6FBDF17}
		{D75D7421-882A-4A21-869E-A5360781C572} = {CA253913-39DE-BFD0-C9A3-4B7EC6FBDF17}
		{E789B8B0-1F98-411E-9E0D-DB2CD667AA3C} = {CA253913-39DE-BFD0-C9A3-4B7EC6FBDF17}
		{8E9C198A-5134-4F2E-943E-7E772DE820EB} = {CA253913-39DE-BFD0-C9A3-4B7EC6FBDF17}
		{095180EB-B11F-412C-9A8B-91922D05D212} = {CA253913-39DE-BFD0-C9A3-4B7EC6FBDF17}
		{969A83EA-1C76-4C0B-8815-DE083CF75A9F} = {CA253913-39DE-BFD0-C9A3-4B7EC6FBDF17}
		{BC00D5A3-C43B-4545-B100-8C51C38E9663} = {CA253913-39DE-BFD0-C9A3-4B7EC6FBDF17}
		{16E368DB-1C20-4C21-AD5D-433A419EFBA9} = {0AB3BF05-4346-4AA6-1389-037BE0695223}
		{5A5A1853-ED44-46AD-98B3-5E1C8849820A} = {4F52FD11-658E-A102-6CD3-7D7C16FFA15B}
		{3BF50837-5E5F-4223-B975-D8AA3EA5C72E} = {0AB3BF05-4346-4AA6-1389-037BE0695223}
		{8F819F0C-58C7-422A-A94D-40A0B74E778A} = {07C2787E-EAC7-C090-1BA3-A61EC2A24D84}
		{DC6A3278-B4D8-49FB-8426-2EEA806F3B68} = {0AB3BF05-4346-4AA6-1389-037BE0695223}
	EndGlobalSection
EndGlobal
